// !$*UTF8*$!
{
	archiveVersion = 1;
	classes = {
	};
	objectVersion = 55;
	objects = {

/* Begin PBXBuildFile section */
		A1FFE9B328916C3100099D5C /* _ViewBuilderApp.swift in Sources */ = {isa = PBXBuildFile; fileRef = A1FFE9B228916C3100099D5C /* _ViewBuilderApp.swift */; };
		A1FFE9B528916C3100099D5C /* ContentView.swift in Sources */ = {isa = PBXBuildFile; fileRef = A1FFE9B428916C3100099D5C /* ContentView.swift */; };
		A1FFE9B728916C3500099D5C /* Assets.xcassets in Resources */ = {isa = PBXBuildFile; fileRef = A1FFE9B628916C3500099D5C /* Assets.xcassets */; };
		A1FFE9BA28916C3500099D5C /* Preview Assets.xcassets in Resources */ = {isa = PBXBuildFile; fileRef = A1FFE9B928916C3500099D5C /* Preview Assets.xcassets */; };
		A1FFE9C428916C3600099D5C /* _ViewBuilderTests.swift in Sources */ = {isa = PBXBuildFile; fileRef = A1FFE9C328916C3500099D5C /* _ViewBuilderTests.swift */; };
		A1FFE9CE28916C3600099D5C /* _ViewBuilderUITests.swift in Sources */ = {isa = PBXBuildFile; fileRef = A1FFE9CD28916C3600099D5C /* _ViewBuilderUITests.swift */; };
		A1FFE9D028916C3600099D5C /* _ViewBuilderUITestsLaunchTests.swift in Sources */ = {isa = PBXBuildFile; fileRef = A1FFE9CF28916C3600099D5C /* _ViewBuilderUITestsLaunchTests.swift */; };
		A1FFE9DD28916C7000099D5C /* BlueCircle.swift in Sources */ = {isa = PBXBuildFile; fileRef = A1FFE9DC28916C7000099D5C /* BlueCircle.swift */; };
/* End PBXBuildFile section */

/* Begin PBXContainerItemProxy section */
		A1FFE9C028916C3500099D5C /* PBXContainerItemProxy */ = {
			isa = PBXContainerItemProxy;
			containerPortal = A1FFE9A728916C3100099D5C /* Project object */;
			proxyType = 1;
			remoteGlobalIDString = A1FFE9AE28916C3100099D5C;
			remoteInfo = "@ViewBuilder";
		};
		A1FFE9CA28916C3600099D5C /* PBXContainerItemProxy */ = {
			isa = PBXContainerItemProxy;
			containerPortal = A1FFE9A728916C3100099D5C /* Project object */;
			proxyType = 1;
			remoteGlobalIDString = A1FFE9AE28916C3100099D5C;
			remoteInfo = "@ViewBuilder";
		};
/* End PBXContainerItemProxy section */

/* Begin PBXFileReference section */
		A1FFE9AF28916C3100099D5C /* @ViewBuilder.app */ = {isa = PBXFileReference; explicitFileType = wrapper.application; includeInIndex = 0; path = "@ViewBuilder.app"; sourceTree = BUILT_PRODUCTS_DIR; };
		A1FFE9B228916C3100099D5C /* _ViewBuilderApp.swift */ = {isa = PBXFileReference; lastKnownFileType = sourcecode.swift; path = _ViewBuilderApp.swift; sourceTree = "<group>"; };
		A1FFE9B428916C3100099D5C /* ContentView.swift */ = {isa = PBXFileReference; lastKnownFileType = sourcecode.swift; path = ContentView.swift; sourceTree = "<group>"; };
		A1FFE9B628916C3500099D5C /* Assets.xcassets */ = {isa = PBXFileReference; lastKnownFileType = folder.assetcatalog; path = Assets.xcassets; sourceTree = "<group>"; };
		A1FFE9B928916C3500099D5C /* Preview Assets.xcassets */ = {isa = PBXFileReference; lastKnownFileType = folder.assetcatalog; path = "Preview Assets.xcassets"; sourceTree = "<group>"; };
		A1FFE9BF28916C3500099D5C /* @ViewBuilderTests.xctest */ = {isa = PBXFileReference; explicitFileType = wrapper.cfbundle; includeInIndex = 0; path = "@ViewBuilderTests.xctest"; sourceTree = BUILT_PRODUCTS_DIR; };
		A1FFE9C328916C3500099D5C /* _ViewBuilderTests.swift */ = {isa = PBXFileReference; lastKnownFileType = sourcecode.swift; path = _ViewBuilderTests.swift; sourceTree = "<group>"; };
		A1FFE9C928916C3600099D5C /* @ViewBuilderUITests.xctest */ = {isa = PBXFileReference; explicitFileType = wrapper.cfbundle; includeInIndex = 0; path = "@ViewBuilderUITests.xctest"; sourceTree = BUILT_PRODUCTS_DIR; };
		A1FFE9CD28916C3600099D5C /* _ViewBuilderUITests.swift */ = {isa = PBXFileReference; lastKnownFileType = sourcecode.swift; path = _ViewBuilderUITests.swift; sourceTree = "<group>"; };
		A1FFE9CF28916C3600099D5C /* _ViewBuilderUITestsLaunchTests.swift */ = {isa = PBXFileReference; lastKnownFileType = sourcecode.swift; path = _ViewBuilderUITestsLaunchTests.swift; sourceTree = "<group>"; };
		A1FFE9DC28916C7000099D5C /* BlueCircle.swift */ = {isa = PBXFileReference; lastKnownFileType = sourcecode.swift; path = BlueCircle.swift; sourceTree = "<group>"; };
/* End PBXFileReference section */

/* Begin PBXFrameworksBuildPhase section */
		A1FFE9AC28916C3100099D5C /* Frameworks */ = {
			isa = PBXFrameworksBuildPhase;
			buildActionMask = 2147483647;
			files = (
			);
			runOnlyForDeploymentPostprocessing = 0;
		};
		A1FFE9BC28916C3500099D5C /* Frameworks */ = {
			isa = PBXFrameworksBuildPhase;
			buildActionMask = 2147483647;
			files = (
			);
			runOnlyForDeploymentPostprocessing = 0;
		};
		A1FFE9C628916C3600099D5C /* Frameworks */ = {
			isa = PBXFrameworksBuildPhase;
			buildActionMask = 2147483647;
			files = (
			);
			runOnlyForDeploymentPostprocessing = 0;
		};
/* End PBXFrameworksBuildPhase section */

/* Begin PBXGroup section */
		A1FFE9A628916C3100099D5C = {
			isa = PBXGroup;
			children = (
				A1FFE9B128916C3100099D5C /* @ViewBuilder */,
				A1FFE9C228916C3500099D5C /* @ViewBuilderTests */,
				A1FFE9CC28916C3600099D5C /* @ViewBuilderUITests */,
				A1FFE9B028916C3100099D5C /* Products */,
			);
			sourceTree = "<group>";
		};
		A1FFE9B028916C3100099D5C /* Products */ = {
			isa = PBXGroup;
			children = (
				A1FFE9AF28916C3100099D5C /* @ViewBuilder.app */,
				A1FFE9BF28916C3500099D5C /* @ViewBuilderTests.xctest */,
				A1FFE9C928916C3600099D5C /* @ViewBuilderUITests.xctest */,
			);
			name = Products;
			sourceTree = "<group>";
		};
		A1FFE9B128916C3100099D5C /* @ViewBuilder */ = {
			isa = PBXGroup;
			children = (
				A1FFE9B228916C3100099D5C /* _ViewBuilderApp.swift */,
				A1FFE9B428916C3100099D5C /* ContentView.swift */,
				A1FFE9DC28916C7000099D5C /* BlueCircle.swift */,
				A1FFE9B628916C3500099D5C /* Assets.xcassets */,
				A1FFE9B828916C3500099D5C /* Preview Content */,
			);
			path = "@ViewBuilder";
			sourceTree = "<group>";
		};
		A1FFE9B828916C3500099D5C /* Preview Content */ = {
			isa = PBXGroup;
			children = (
				A1FFE9B928916C3500099D5C /* Preview Assets.xcassets */,
			);
			path = "Preview Content";
			sourceTree = "<group>";
		};
		A1FFE9C228916C3500099D5C /* @ViewBuilderTests */ = {
			isa = PBXGroup;
			children = (
				A1FFE9C328916C3500099D5C /* _ViewBuilderTests.swift */,
			);
			path = "@ViewBuilderTests";
			sourceTree = "<group>";
		};
		A1FFE9CC28916C3600099D5C /* @ViewBuilderUITests */ = {
			isa = PBXGroup;
			children = (
				A1FFE9CD28916C3600099D5C /* _ViewBuilderUITests.swift */,
				A1FFE9CF28916C3600099D5C /* _ViewBuilderUITestsLaunchTests.swift */,
			);
			path = "@ViewBuilderUITests";
			sourceTree = "<group>";
		};
/* End PBXGroup section */

/* Begin PBXNativeTarget section */
		A1FFE9AE28916C3100099D5C /* @ViewBuilder */ = {
			isa = PBXNativeTarget;
			buildConfigurationList = A1FFE9D328916C3600099D5C /* Build configuration list for PBXNativeTarget "@ViewBuilder" */;
			buildPhases = (
				A1FFE9AB28916C3100099D5C /* Sources */,
				A1FFE9AC28916C3100099D5C /* Frameworks */,
				A1FFE9AD28916C3100099D5C /* Resources */,
			);
			buildRules = (
			);
			dependencies = (
			);
			name = "@ViewBuilder";
			productName = "@ViewBuilder";
			productReference = A1FFE9AF28916C3100099D5C /* @ViewBuilder.app */;
			productType = "com.apple.product-type.application";
		};
		A1FFE9BE28916C3500099D5C /* @ViewBuilderTests */ = {
			isa = PBXNativeTarget;
			buildConfigurationList = A1FFE9D628916C3600099D5C /* Build configuration list for PBXNativeTarget "@ViewBuilderTests" */;
			buildPhases = (
				A1FFE9BB28916C3500099D5C /* Sources */,
				A1FFE9BC28916C3500099D5C /* Frameworks */,
				A1FFE9BD28916C3500099D5C /* Resources */,
			);
			buildRules = (
			);
			dependencies = (
				A1FFE9C128916C3500099D5C /* PBXTargetDependency */,
			);
			name = "@ViewBuilderTests";
			productName = "@ViewBuilderTests";
			productReference = A1FFE9BF28916C3500099D5C /* @ViewBuilderTests.xctest */;
			productType = "com.apple.product-type.bundle.unit-test";
		};
		A1FFE9C828916C3600099D5C /* @ViewBuilderUITests */ = {
			isa = PBXNativeTarget;
			buildConfigurationList = A1FFE9D928916C3600099D5C /* Build configuration list for PBXNativeTarget "@ViewBuilderUITests" */;
			buildPhases = (
				A1FFE9C528916C3600099D5C /* Sources */,
				A1FFE9C628916C3600099D5C /* Frameworks */,
				A1FFE9C728916C3600099D5C /* Resources */,
			);
			buildRules = (
			);
			dependencies = (
				A1FFE9CB28916C3600099D5C /* PBXTargetDependency */,
			);
			name = "@ViewBuilderUITests";
			productName = "@ViewBuilderUITests";
			productReference = A1FFE9C928916C3600099D5C /* @ViewBuilderUITests.xctest */;
			productType = "com.apple.product-type.bundle.ui-testing";
		};
/* End PBXNativeTarget section */

/* Begin PBXProject section */
		A1FFE9A728916C3100099D5C /* Project object */ = {
			isa = PBXProject;
			attributes = {
				BuildIndependentTargetsInParallel = 1;
				LastSwiftUpdateCheck = 1340;
				LastUpgradeCheck = 1340;
				TargetAttributes = {
					A1FFE9AE28916C3100099D5C = {
						CreatedOnToolsVersion = 13.4.1;
					};
					A1FFE9BE28916C3500099D5C = {
						CreatedOnToolsVersion = 13.4.1;
						TestTargetID = A1FFE9AE28916C3100099D5C;
					};
					A1FFE9C828916C3600099D5C = {
						CreatedOnToolsVersion = 13.4.1;
						TestTargetID = A1FFE9AE28916C3100099D5C;
					};
				};
			};
			buildConfigurationList = A1FFE9AA28916C3100099D5C /* Build configuration list for PBXProject "@ViewBuilder" */;
			compatibilityVersion = "Xcode 13.0";
			developmentRegion = en;
			hasScannedForEncodings = 0;
			knownRegions = (
				en,
				Base,
			);
			mainGroup = A1FFE9A628916C3100099D5C;
			productRefGroup = A1FFE9B028916C3100099D5C /* Products */;
			projectDirPath = "";
			projectRoot = "";
			targets = (
				A1FFE9AE28916C3100099D5C /* @ViewBuilder */,
				A1FFE9BE28916C3500099D5C /* @ViewBuilderTests */,
				A1FFE9C828916C3600099D5C /* @ViewBuilderUITests */,
			);
		};
/* End PBXProject section */

/* Begin PBXResourcesBuildPhase section */
		A1FFE9AD28916C3100099D5C /* Resources */ = {
			isa = PBXResourcesBuildPhase;
			buildActionMask = 2147483647;
			files = (
				A1FFE9BA28916C3500099D5C /* Preview Assets.xcassets in Resources */,
				A1FFE9B728916C3500099D5C /* Assets.xcassets in Resources */,
			);
			runOnlyForDeploymentPostprocessing = 0;
		};
		A1FFE9BD28916C3500099D5C /* Resources */ = {
			isa = PBXResourcesBuildPhase;
			buildActionMask = 2147483647;
			files = (
			);
			runOnlyForDeploymentPostprocessing = 0;
		};
		A1FFE9C728916C3600099D5C /* Resources */ = {
			isa = PBXResourcesBuildPhase;
			buildActionMask = 2147483647;
			files = (
			);
			runOnlyForDeploymentPostprocessing = 0;
		};
/* End PBXResourcesBuildPhase section */

/* Begin PBXSourcesBuildPhase section */
		A1FFE9AB28916C3100099D5C /* Sources */ = {
			isa = PBXSourcesBuildPhase;
			buildActionMask = 2147483647;
			files = (
				A1FFE9DD28916C7000099D5C /* BlueCircle.swift in Sources */,
				A1FFE9B528916C3100099D5C /* ContentView.swift in Sources */,
				A1FFE9B328916C3100099D5C /* _ViewBuilderApp.swift in Sources */,
			);
			runOnlyForDeploymentPostprocessing = 0;
		};
		A1FFE9BB28916C3500099D5C /* Sources */ = {
			isa = PBXSourcesBuildPhase;
			buildActionMask = 2147483647;
			files = (
				A1FFE9C428916C3600099D5C /* _ViewBuilderTests.swift in Sources */,
			);
			runOnlyForDeploymentPostprocessing = 0;
		};
		A1FFE9C528916C3600099D5C /* Sources */ = {
			isa = PBXSourcesBuildPhase;
			buildActionMask = 2147483647;
			files = (
				A1FFE9CE28916C3600099D5C /* _ViewBuilderUITests.swift in Sources */,
				A1FFE9D028916C3600099D5C /* _ViewBuilderUITestsLaunchTests.swift in Sources */,
			);
			runOnlyForDeploymentPostprocessing = 0;
		};
/* End PBXSourcesBuildPhase section */

/* Begin PBXTargetDependency section */
		A1FFE9C128916C3500099D5C /* PBXTargetDependency */ = {
			isa = PBXTargetDependency;
			target = A1FFE9AE28916C3100099D5C /* @ViewBuilder */;
			targetProxy = A1FFE9C028916C3500099D5C /* PBXContainerItemProxy */;
		};
		A1FFE9CB28916C3600099D5C /* PBXTargetDependency */ = {
			isa = PBXTargetDependency;
			target = A1FFE9AE28916C3100099D5C /* @ViewBuilder */;
			targetProxy = A1FFE9CA28916C3600099D5C /* PBXContainerItemProxy */;
		};
/* End PBXTargetDependency section */

/* Begin XCBuildConfiguration section */
		A1FFE9D128916C3600099D5C /* Debug */ = {
			isa = XCBuildConfiguration;
			buildSettings = {
				ALWAYS_SEARCH_USER_PATHS = NO;
				CLANG_ANALYZER_NONNULL = YES;
				CLANG_ANALYZER_NUMBER_OBJECT_CONVERSION = YES_AGGRESSIVE;
				CLANG_CXX_LANGUAGE_STANDARD = "gnu++17";
				CLANG_ENABLE_MODULES = YES;
				CLANG_ENABLE_OBJC_ARC = YES;
				CLANG_ENABLE_OBJC_WEAK = YES;
				CLANG_WARN_BLOCK_CAPTURE_AUTORELEASING = YES;
				CLANG_WARN_BOOL_CONVERSION = YES;
				CLANG_WARN_COMMA = YES;
				CLANG_WARN_CONSTANT_CONVERSION = YES;
				CLANG_WARN_DEPRECATED_OBJC_IMPLEMENTATIONS = YES;
				CLANG_WARN_DIRECT_OBJC_ISA_USAGE = YES_ERROR;
				CLANG_WARN_DOCUMENTATION_COMMENTS = YES;
				CLANG_WARN_EMPTY_BODY = YES;
				CLANG_WARN_ENUM_CONVERSION = YES;
				CLANG_WARN_INFINITE_RECURSION = YES;
				CLANG_WARN_INT_CONVERSION = YES;
				CLANG_WARN_NON_LITERAL_NULL_CONVERSION = YES;
				CLANG_WARN_OBJC_IMPLICIT_RETAIN_SELF = YES;
				CLANG_WARN_OBJC_LITERAL_CONVERSION = YES;
				CLANG_WARN_OBJC_ROOT_CLASS = YES_ERROR;
				CLANG_WARN_QUOTED_INCLUDE_IN_FRAMEWORK_HEADER = YES;
				CLANG_WARN_RANGE_LOOP_ANALYSIS = YES;
				CLANG_WARN_STRICT_PROTOTYPES = YES;
				CLANG_WARN_SUSPICIOUS_MOVE = YES;
				CLANG_WARN_UNGUARDED_AVAILABILITY = YES_AGGRESSIVE;
				CLANG_WARN_UNREACHABLE_CODE = YES;
				CLANG_WARN__DUPLICATE_METHOD_MATCH = YES;
				COPY_PHASE_STRIP = NO;
				DEBUG_INFORMATION_FORMAT = dwarf;
				ENABLE_STRICT_OBJC_MSGSEND = YES;
				ENABLE_TESTABILITY = YES;
				GCC_C_LANGUAGE_STANDARD = gnu11;
				GCC_DYNAMIC_NO_PIC = NO;
				GCC_NO_COMMON_BLOCKS = YES;
				GCC_OPTIMIZATION_LEVEL = 0;
				GCC_PREPROCESSOR_DEFINITIONS = (
					"DEBUG=1",
					"$(inherited)",
				);
				GCC_WARN_64_TO_32_BIT_CONVERSION = YES;
				GCC_WARN_ABOUT_RETURN_TYPE = YES_ERROR;
				GCC_WARN_UNDECLARED_SELECTOR = YES;
				GCC_WARN_UNINITIALIZED_AUTOS = YES_AGGRESSIVE;
				GCC_WARN_UNUSED_FUNCTION = YES;
				GCC_WARN_UNUSED_VARIABLE = YES;
				IPHONEOS_DEPLOYMENT_TARGET = 15.5;
				MTL_ENABLE_DEBUG_INFO = INCLUDE_SOURCE;
				MTL_FAST_MATH = YES;
				ONLY_ACTIVE_ARCH = YES;
				SDKROOT = iphoneos;
				SWIFT_ACTIVE_COMPILATION_CONDITIONS = DEBUG;
				SWIFT_OPTIMIZATION_LEVEL = "-Onone";
			};
			name = Debug;
		};
		A1FFE9D228916C3600099D5C /* Release */ = {
			isa = XCBuildConfiguration;
			buildSettings = {
				ALWAYS_SEARCH_USER_PATHS = NO;
				CLANG_ANALYZER_NONNULL = YES;
				CLANG_ANALYZER_NUMBER_OBJECT_CONVERSION = YES_AGGRESSIVE;
				CLANG_CXX_LANGUAGE_STANDARD = "gnu++17";
				CLANG_ENABLE_MODULES = YES;
				CLANG_ENABLE_OBJC_ARC = YES;
				CLANG_ENABLE_OBJC_WEAK = YES;
				CLANG_WARN_BLOCK_CAPTURE_AUTORELEASING = YES;
				CLANG_WARN_BOOL_CONVERSION = YES;
				CLANG_WARN_COMMA = YES;
				CLANG_WARN_CONSTANT_CONVERSION = YES;
				CLANG_WARN_DEPRECATED_OBJC_IMPLEMENTATIONS = YES;
				CLANG_WARN_DIRECT_OBJC_ISA_USAGE = YES_ERROR;
				CLANG_WARN_DOCUMENTATION_COMMENTS = YES;
				CLANG_WARN_EMPTY_BODY = YES;
				CLANG_WARN_ENUM_CONVERSION = YES;
				CLANG_WARN_INFINITE_RECURSION = YES;
				CLANG_WARN_INT_CONVERSION = YES;
				CLANG_WARN_NON_LITERAL_NULL_CONVERSION = YES;
				CLANG_WARN_OBJC_IMPLICIT_RETAIN_SELF = YES;
				CLANG_WARN_OBJC_LITERAL_CONVERSION = YES;
				CLANG_WARN_OBJC_ROOT_CLASS = YES_ERROR;
				CLANG_WARN_QUOTED_INCLUDE_IN_FRAMEWORK_HEADER = YES;
				CLANG_WARN_RANGE_LOOP_ANALYSIS = YES;
				CLANG_WARN_STRICT_PROTOTYPES = YES;
				CLANG_WARN_SUSPICIOUS_MOVE = YES;
				CLANG_WARN_UNGUARDED_AVAILABILITY = YES_AGGRESSIVE;
				CLANG_WARN_UNREACHABLE_CODE = YES;
				CLANG_WARN__DUPLICATE_METHOD_MATCH = YES;
				COPY_PHASE_STRIP = NO;
				DEBUG_INFORMATION_FORMAT = "dwarf-with-dsym";
				ENABLE_NS_ASSERTIONS = NO;
				ENABLE_STRICT_OBJC_MSGSEND = YES;
				GCC_C_LANGUAGE_STANDARD = gnu11;
				GCC_NO_COMMON_BLOCKS = YES;
				GCC_WARN_64_TO_32_BIT_CONVERSION = YES;
				GCC_WARN_ABOUT_RETURN_TYPE = YES_ERROR;
				GCC_WARN_UNDECLARED_SELECTOR = YES;
				GCC_WARN_UNINITIALIZED_AUTOS = YES_AGGRESSIVE;
				GCC_WARN_UNUSED_FUNCTION = YES;
				GCC_WARN_UNUSED_VARIABLE = YES;
				IPHONEOS_DEPLOYMENT_TARGET = 15.5;
				MTL_ENABLE_DEBUG_INFO = NO;
				MTL_FAST_MATH = YES;
				SDKROOT = iphoneos;
				SWIFT_COMPILATION_MODE = wholemodule;
				SWIFT_OPTIMIZATION_LEVEL = "-O";
				VALIDATE_PRODUCT = YES;
			};
			name = Release;
		};
		A1FFE9D428916C3600099D5C /* Debug */ = {
			isa = XCBuildConfiguration;
			buildSettings = {
				ASSETCATALOG_COMPILER_APPICON_NAME = AppIcon;
				ASSETCATALOG_COMPILER_GLOBAL_ACCENT_COLOR_NAME = AccentColor;
				CODE_SIGN_STYLE = Automatic;
				CURRENT_PROJECT_VERSION = 1;
				DEVELOPMENT_ASSET_PATHS = "\"@ViewBuilder/Preview Content\"";
				DEVELOPMENT_TEAM = VBHJCPK49S;
				ENABLE_PREVIEWS = YES;
				GENERATE_INFOPLIST_FILE = YES;
				INFOPLIST_KEY_UIApplicationSceneManifest_Generation = YES;
				INFOPLIST_KEY_UIApplicationSupportsIndirectInputEvents = YES;
				INFOPLIST_KEY_UILaunchScreen_Generation = YES;
				INFOPLIST_KEY_UISupportedInterfaceOrientations_iPad = "UIInterfaceOrientationPortrait UIInterfaceOrientationPortraitUpsideDown UIInterfaceOrientationLandscapeLeft UIInterfaceOrientationLandscapeRight";
				INFOPLIST_KEY_UISupportedInterfaceOrientations_iPhone = "UIInterfaceOrientationPortrait UIInterfaceOrientationLandscapeLeft UIInterfaceOrientationLandscapeRight";
				LD_RUNPATH_SEARCH_PATHS = (
					"$(inherited)",
					"@executable_path/Frameworks",
				);
				MARKETING_VERSION = 1.0;
				PRODUCT_BUNDLE_IDENTIFIER = "kyujin.-ViewBuilder";
				PRODUCT_NAME = "$(TARGET_NAME)";
				SWIFT_EMIT_LOC_STRINGS = YES;
				SWIFT_VERSION = 5.0;
				TARGETED_DEVICE_FAMILY = "1,2";
			};
			name = Debug;
		};
		A1FFE9D528916C3600099D5C /* Release */ = {
			isa = XCBuildConfiguration;
			buildSettings = {
				ASSETCATALOG_COMPILER_APPICON_NAME = AppIcon;
				ASSETCATALOG_COMPILER_GLOBAL_ACCENT_COLOR_NAME = AccentColor;
				CODE_SIGN_STYLE = Automatic;
				CURRENT_PROJECT_VERSION = 1;
				DEVELOPMENT_ASSET_PATHS = "\"@ViewBuilder/Preview Content\"";
				DEVELOPMENT_TEAM = VBHJCPK49S;
				ENABLE_PREVIEWS = YES;
				GENERATE_INFOPLIST_FILE = YES;
				INFOPLIST_KEY_UIApplicationSceneManifest_Generation = YES;
				INFOPLIST_KEY_UIApplicationSupportsIndirectInputEvents = YES;
				INFOPLIST_KEY_UILaunchScreen_Generation = YES;
				INFOPLIST_KEY_UISupportedInterfaceOrientations_iPad = "UIInterfaceOrientationPortrait UIInterfaceOrientationPortraitUpsideDown UIInterfaceOrientationLandscapeLeft UIInterfaceOrientationLandscapeRight";
				INFOPLIST_KEY_UISupportedInterfaceOrientations_iPhone = "UIInterfaceOrientationPortrait UIInterfaceOrientationLandscapeLeft UIInterfaceOrientationLandscapeRight";
				LD_RUNPATH_SEARCH_PATHS = (
					"$(inherited)",
					"@executable_path/Frameworks",
				);
				MARKETING_VERSION = 1.0;
				PRODUCT_BUNDLE_IDENTIFIER = "kyujin.-ViewBuilder";
				PRODUCT_NAME = "$(TARGET_NAME)";
				SWIFT_EMIT_LOC_STRINGS = YES;
				SWIFT_VERSION = 5.0;
				TARGETED_DEVICE_FAMILY = "1,2";
			};
			name = Release;
		};
		A1FFE9D728916C3600099D5C /* Debug */ = {
			isa = XCBuildConfiguration;
			buildSettings = {
				ALWAYS_EMBED_SWIFT_STANDARD_LIBRARIES = YES;
				BUNDLE_LOADER = "$(TEST_HOST)";
				CODE_SIGN_STYLE = Automatic;
				CURRENT_PROJECT_VERSION = 1;
				DEVELOPMENT_TEAM = VBHJCPK49S;
				GENERATE_INFOPLIST_FILE = YES;
				IPHONEOS_DEPLOYMENT_TARGET = 15.5;
				MARKETING_VERSION = 1.0;
				PRODUCT_BUNDLE_IDENTIFIER = "kyujin.-ViewBuilderTests";
				PRODUCT_NAME = "$(TARGET_NAME)";
				SWIFT_EMIT_LOC_STRINGS = NO;
				SWIFT_VERSION = 5.0;
				TARGETED_DEVICE_FAMILY = "1,2";
				TEST_HOST = "$(BUILT_PRODUCTS_DIR)/@ViewBuilder.app/@ViewBuilder";
			};
			name = Debug;
		};
		A1FFE9D828916C3600099D5C /* Release */ = {
			isa = XCBuildConfiguration;
			buildSettings = {
				ALWAYS_EMBED_SWIFT_STANDARD_LIBRARIES = YES;
				BUNDLE_LOADER = "$(TEST_HOST)";
				CODE_SIGN_STYLE = Automatic;
				CURRENT_PROJECT_VERSION = 1;
				DEVELOPMENT_TEAM = VBHJCPK49S;
				GENERATE_INFOPLIST_FILE = YES;
				IPHONEOS_DEPLOYMENT_TARGET = 15.5;
				MARKETING_VERSION = 1.0;
				PRODUCT_BUNDLE_IDENTIFIER = "kyujin.-ViewBuilderTests";
				PRODUCT_NAME = "$(TARGET_NAME)";
				SWIFT_EMIT_LOC_STRINGS = NO;
				SWIFT_VERSION = 5.0;
				TARGETED_DEVICE_FAMILY = "1,2";
				TEST_HOST = "$(BUILT_PRODUCTS_DIR)/@ViewBuilder.app/@ViewBuilder";
			};
			name = Release;
		};
		A1FFE9DA28916C3600099D5C /* Debug */ = {
			isa = XCBuildConfiguration;
			buildSettings = {
				ALWAYS_EMBED_SWIFT_STANDARD_LIBRARIES = YES;
				CODE_SIGN_STYLE = Automatic;
				CURRENT_PROJECT_VERSION = 1;
				DEVELOPMENT_TEAM = VBHJCPK49S;
				GENERATE_INFOPLIST_FILE = YES;
				MARKETING_VERSION = 1.0;
				PRODUCT_BUNDLE_IDENTIFIER = "kyujin.-ViewBuilderUITests";
				PRODUCT_NAME = "$(TARGET_NAME)";
				SWIFT_EMIT_LOC_STRINGS = NO;
				SWIFT_VERSION = 5.0;
				TARGETED_DEVICE_FAMILY = "1,2";
				TEST_TARGET_NAME = "@ViewBuilder";
			};
			name = Debug;
		};
		A1FFE9DB28916C3600099D5C /* Release */ = {
			isa = XCBuildConfiguration;
			buildSettings = {
				ALWAYS_EMBED_SWIFT_STANDARD_LIBRARIES = YES;
				CODE_SIGN_STYLE = Automatic;
				CURRENT_PROJECT_VERSION = 1;
				DEVELOPMENT_TEAM = VBHJCPK49S;
				GENERATE_INFOPLIST_FILE = YES;
				MARKETING_VERSION = 1.0;
				PRODUCT_BUNDLE_IDENTIFIER = "kyujin.-ViewBuilderUITests";
				PRODUCT_NAME = "$(TARGET_NAME)";
				SWIFT_EMIT_LOC_STRINGS = NO;
				SWIFT_VERSION = 5.0;
				TARGETED_DEVICE_FAMILY = "1,2";
				TEST_TARGET_NAME = "@ViewBuilder";
			};
			name = Release;
		};
/* End XCBuildConfiguration section */

/* Begin XCConfigurationList section */
		A1FFE9AA28916C3100099D5C /* Build configuration list for PBXProject "@ViewBuilder" */ = {
			isa = XCConfigurationList;
			buildConfigurations = (
				A1FFE9D128916C3600099D5C /* Debug */,
				A1FFE9D228916C3600099D5C /* Release */,
			);
			defaultConfigurationIsVisible = 0;
			defaultConfigurationName = Release;
		};
		A1FFE9D328916C3600099D5C /* Build configuration list for PBXNativeTarget "@ViewBuilder" */ = {
			isa = XCConfigurationList;
			buildConfigurations = (
				A1FFE9D428916C3600099D5C /* Debug */,
				A1FFE9D528916C3600099D5C /* Release */,
			);
			defaultConfigurationIsVisible = 0;
			defaultConfigurationName = Release;
		};
		A1FFE9D628916C3600099D5C /* Build configuration list for PBXNativeTarget "@ViewBuilderTests" */ = {
			isa = XCConfigurationList;
			buildConfigurations = (
				A1FFE9D728916C3600099D5C /* Debug */,
				A1FFE9D828916C3600099D5C /* Release */,
			);
			defaultConfigurationIsVisible = 0;
			defaultConfigurationName = Release;
		};
		A1FFE9D928916C3600099D5C /* Build configuration list for PBXNativeTarget "@ViewBuilderUITests" */ = {
			isa = XCConfigurationList;
			buildConfigurations = (
				A1FFE9DA28916C3600099D5C /* Debug */,
				A1FFE9DB28916C3600099D5C /* Release */,
			);
			defaultConfigurationIsVisible = 0;
			defaultConfigurationName = Release;
		};
/* End XCConfigurationList section */
	};
	rootObject = A1FFE9A728916C3100099D5C /* Project object */;
}
