// !$*UTF8*$!
{
	archiveVersion = 1;
	classes = {
	};
	objectVersion = 55;
	objects = {

/* Begin PBXBuildFile section */
		A11B9F4028CB0EB70005A906 /* CDSwiftUIApp.swift in Sources */ = {isa = PBXBuildFile; fileRef = A11B9F3F28CB0EB70005A906 /* CDSwiftUIApp.swift */; };
		A11B9F4228CB0EB70005A906 /* ContentView.swift in Sources */ = {isa = PBXBuildFile; fileRef = A11B9F4128CB0EB70005A906 /* ContentView.swift */; };
		A11B9F4428CB0EB90005A906 /* Assets.xcassets in Resources */ = {isa = PBXBuildFile; fileRef = A11B9F4328CB0EB90005A906 /* Assets.xcassets */; };
		A11B9F4728CB0EB90005A906 /* Preview Assets.xcassets in Resources */ = {isa = PBXBuildFile; fileRef = A11B9F4628CB0EB90005A906 /* Preview Assets.xcassets */; };
		A1B8C87328CB8EFD0043B654 /* ContactsModel.xcdatamodeld in Sources */ = {isa = PBXBuildFile; fileRef = A1B8C87128CB8EFD0043B654 /* ContactsModel.xcdatamodeld */; };
		A1B8C87528CB8F210043B654 /* coreDataStack.swift in Sources */ = {isa = PBXBuildFile; fileRef = A1B8C87428CB8F210043B654 /* coreDataStack.swift */; };
		A1B8C87728CB98740043B654 /* AddNewContact.swift in Sources */ = {isa = PBXBuildFile; fileRef = A1B8C87628CB98740043B654 /* AddNewContact.swift */; };
/* End PBXBuildFile section */

/* Begin PBXFileReference section */
		A11B9F3C28CB0EB70005A906 /* CDSwiftUI.app */ = {isa = PBXFileReference; explicitFileType = wrapper.application; includeInIndex = 0; path = CDSwiftUI.app; sourceTree = BUILT_PRODUCTS_DIR; };
		A11B9F3F28CB0EB70005A906 /* CDSwiftUIApp.swift */ = {isa = PBXFileReference; lastKnownFileType = sourcecode.swift; path = CDSwiftUIApp.swift; sourceTree = "<group>"; };
		A11B9F4128CB0EB70005A906 /* ContentView.swift */ = {isa = PBXFileReference; lastKnownFileType = sourcecode.swift; path = ContentView.swift; sourceTree = "<group>"; };
		A11B9F4328CB0EB90005A906 /* Assets.xcassets */ = {isa = PBXFileReference; lastKnownFileType = folder.assetcatalog; path = Assets.xcassets; sourceTree = "<group>"; };
		A11B9F4628CB0EB90005A906 /* Preview Assets.xcassets */ = {isa = PBXFileReference; lastKnownFileType = folder.assetcatalog; path = "Preview Assets.xcassets"; sourceTree = "<group>"; };
		A1B8C87228CB8EFD0043B654 /* ContactsModel.xcdatamodel */ = {isa = PBXFileReference; lastKnownFileType = wrapper.xcdatamodel; path = ContactsModel.xcdatamodel; sourceTree = "<group>"; };
		A1B8C87428CB8F210043B654 /* coreDataStack.swift */ = {isa = PBXFileReference; lastKnownFileType = sourcecode.swift; path = coreDataStack.swift; sourceTree = "<group>"; };
		A1B8C87628CB98740043B654 /* AddNewContact.swift */ = {isa = PBXFileReference; lastKnownFileType = sourcecode.swift; path = AddNewContact.swift; sourceTree = "<group>"; };
/* End PBXFileReference section */

/* Begin PBXFrameworksBuildPhase section */
		A11B9F3928CB0EB70005A906 /* Frameworks */ = {
			isa = PBXFrameworksBuildPhase;
			buildActionMask = 2147483647;
			files = (
			);
			runOnlyForDeploymentPostprocessing = 0;
		};
/* End PBXFrameworksBuildPhase section */

/* Begin PBXGroup section */
		A11B9F3328CB0EB70005A906 = {
			isa = PBXGroup;
			children = (
				A11B9F3E28CB0EB70005A906 /* CDSwiftUI */,
				A11B9F3D28CB0EB70005A906 /* Products */,
			);
			sourceTree = "<group>";
		};
		A11B9F3D28CB0EB70005A906 /* Products */ = {
			isa = PBXGroup;
			children = (
				A11B9F3C28CB0EB70005A906 /* CDSwiftUI.app */,
			);
			name = Products;
			sourceTree = "<group>";
		};
		A11B9F3E28CB0EB70005A906 /* CDSwiftUI */ = {
			isa = PBXGroup;
			children = (
				A11B9F3F28CB0EB70005A906 /* CDSwiftUIApp.swift */,
				A11B9F4128CB0EB70005A906 /* ContentView.swift */,
				A1B8C87628CB98740043B654 /* AddNewContact.swift */,
				A1B8C87128CB8EFD0043B654 /* ContactsModel.xcdatamodeld */,
				A11B9F4328CB0EB90005A906 /* Assets.xcassets */,
				A11B9F4528CB0EB90005A906 /* Preview Content */,
				A1B8C87428CB8F210043B654 /* coreDataStack.swift */,
			);
			path = CDSwiftUI;
			sourceTree = "<group>";
		};
		A11B9F4528CB0EB90005A906 /* Preview Content */ = {
			isa = PBXGroup;
			children = (
				A11B9F4628CB0EB90005A906 /* Preview Assets.xcassets */,
			);
			path = "Preview Content";
			sourceTree = "<group>";
		};
/* End PBXGroup section */

/* Begin PBXNativeTarget section */
		A11B9F3B28CB0EB70005A906 /* CDSwiftUI */ = {
			isa = PBXNativeTarget;
			buildConfigurationList = A11B9F4A28CB0EB90005A906 /* Build configuration list for PBXNativeTarget "CDSwiftUI" */;
			buildPhases = (
				A11B9F3828CB0EB70005A906 /* Sources */,
				A11B9F3928CB0EB70005A906 /* Frameworks */,
				A11B9F3A28CB0EB70005A906 /* Resources */,
			);
			buildRules = (
			);
			dependencies = (
			);
			name = CDSwiftUI;
			productName = ho;
			productReference = A11B9F3C28CB0EB70005A906 /* CDSwiftUI.app */;
			productType = "com.apple.product-type.application";
		};
/* End PBXNativeTarget section */

/* Begin PBXProject section */
		A11B9F3428CB0EB70005A906 /* Project object */ = {
			isa = PBXProject;
			attributes = {
				BuildIndependentTargetsInParallel = 1;
				LastSwiftUpdateCheck = 1340;
				LastUpgradeCheck = 1340;
				TargetAttributes = {
					A11B9F3B28CB0EB70005A906 = {
						CreatedOnToolsVersion = 13.4.1;
					};
				};
			};
			buildConfigurationList = A11B9F3728CB0EB70005A906 /* Build configuration list for PBXProject "CDSwiftUI" */;
			compatibilityVersion = "Xcode 13.0";
			developmentRegion = en;
			hasScannedForEncodings = 0;
			knownRegions = (
				en,
				Base,
			);
			mainGroup = A11B9F3328CB0EB70005A906;
			productRefGroup = A11B9F3D28CB0EB70005A906 /* Products */;
			projectDirPath = "";
			projectRoot = "";
			targets = (
				A11B9F3B28CB0EB70005A906 /* CDSwiftUI */,
			);
		};
/* End PBXProject section */

/* Begin PBXResourcesBuildPhase section */
		A11B9F3A28CB0EB70005A906 /* Resources */ = {
			isa = PBXResourcesBuildPhase;
			buildActionMask = 2147483647;
			files = (
				A11B9F4728CB0EB90005A906 /* Preview Assets.xcassets in Resources */,
				A11B9F4428CB0EB90005A906 /* Assets.xcassets in Resources */,
			);
			runOnlyForDeploymentPostprocessing = 0;
		};
/* End PBXResourcesBuildPhase section */

/* Begin PBXSourcesBuildPhase section */
		A11B9F3828CB0EB70005A906 /* Sources */ = {
			isa = PBXSourcesBuildPhase;
			buildActionMask = 2147483647;
			files = (
				A11B9F4228CB0EB70005A906 /* ContentView.swift in Sources */,
				A1B8C87328CB8EFD0043B654 /* ContactsModel.xcdatamodeld in Sources */,
				A11B9F4028CB0EB70005A906 /* CDSwiftUIApp.swift in Sources */,
				A1B8C87728CB98740043B654 /* AddNewContact.swift in Sources */,
				A1B8C87528CB8F210043B654 /* coreDataStack.swift in Sources */,
			);
			runOnlyForDeploymentPostprocessing = 0;
		};
/* End PBXSourcesBuildPhase section */

/* Begin XCBuildConfiguration section */
		A11B9F4828CB0EB90005A906 /* Debug */ = {
			isa = XCBuildConfiguration;
			buildSettings = {
				ALWAYS_SEARCH_USER_PATHS = NO;
				CLANG_ANALYZER_NONNULL = YES;
				CLANG_ANALYZER_NUMBER_OBJECT_CONVERSION = YES_AGGRESSIVE;
				CLANG_CXX_LANGUAGE_STANDARD = "gnu++17";
				CLANG_ENABLE_MODULES = YES;
				CLANG_ENABLE_OBJC_ARC = YES;
				CLANG_ENABLE_OBJC_WEAK = YES;
				CLANG_WARN_BLOCK_CAPTURE_AUTORELEASING = YES;
				CLANG_WARN_BOOL_CONVERSION = YES;
				CLANG_WARN_COMMA = YES;
				CLANG_WARN_CONSTANT_CONVERSION = YES;
				CLANG_WARN_DEPRECATED_OBJC_IMPLEMENTATIONS = YES;
				CLANG_WARN_DIRECT_OBJC_ISA_USAGE = YES_ERROR;
				CLANG_WARN_DOCUMENTATION_COMMENTS = YES;
				CLANG_WARN_EMPTY_BODY = YES;
				CLANG_WARN_ENUM_CONVERSION = YES;
				CLANG_WARN_INFINITE_RECURSION = YES;
				CLANG_WARN_INT_CONVERSION = YES;
				CLANG_WARN_NON_LITERAL_NULL_CONVERSION = YES;
				CLANG_WARN_OBJC_IMPLICIT_RETAIN_SELF = YES;
				CLANG_WARN_OBJC_LITERAL_CONVERSION = YES;
				CLANG_WARN_OBJC_ROOT_CLASS = YES_ERROR;
				CLANG_WARN_QUOTED_INCLUDE_IN_FRAMEWORK_HEADER = YES;
				CLANG_WARN_RANGE_LOOP_ANALYSIS = YES;
				CLANG_WARN_STRICT_PROTOTYPES = YES;
				CLANG_WARN_SUSPICIOUS_MOVE = YES;
				CLANG_WARN_UNGUARDED_AVAILABILITY = YES_AGGRESSIVE;
				CLANG_WARN_UNREACHABLE_CODE = YES;
				CLANG_WARN__DUPLICATE_METHOD_MATCH = YES;
				COPY_PHASE_STRIP = NO;
				DEBUG_INFORMATION_FORMAT = dwarf;
				ENABLE_STRICT_OBJC_MSGSEND = YES;
				ENABLE_TESTABILITY = YES;
				GCC_C_LANGUAGE_STANDARD = gnu11;
				GCC_DYNAMIC_NO_PIC = NO;
				GCC_NO_COMMON_BLOCKS = YES;
				GCC_OPTIMIZATION_LEVEL = 0;
				GCC_PREPROCESSOR_DEFINITIONS = (
					"DEBUG=1",
					"$(inherited)",
				);
				GCC_WARN_64_TO_32_BIT_CONVERSION = YES;
				GCC_WARN_ABOUT_RETURN_TYPE = YES_ERROR;
				GCC_WARN_UNDECLARED_SELECTOR = YES;
				GCC_WARN_UNINITIALIZED_AUTOS = YES_AGGRESSIVE;
				GCC_WARN_UNUSED_FUNCTION = YES;
				GCC_WARN_UNUSED_VARIABLE = YES;
				IPHONEOS_DEPLOYMENT_TARGET = 15.5;
				MTL_ENABLE_DEBUG_INFO = INCLUDE_SOURCE;
				MTL_FAST_MATH = YES;
				ONLY_ACTIVE_ARCH = YES;
				SDKROOT = iphoneos;
				SWIFT_ACTIVE_COMPILATION_CONDITIONS = DEBUG;
				SWIFT_OPTIMIZATION_LEVEL = "-Onone";
			};
			name = Debug;
		};
		A11B9F4928CB0EB90005A906 /* Release */ = {
			isa = XCBuildConfiguration;
			buildSettings = {
				ALWAYS_SEARCH_USER_PATHS = NO;
				CLANG_ANALYZER_NONNULL = YES;
				CLANG_ANALYZER_NUMBER_OBJECT_CONVERSION = YES_AGGRESSIVE;
				CLANG_CXX_LANGUAGE_STANDARD = "gnu++17";
				CLANG_ENABLE_MODULES = YES;
				CLANG_ENABLE_OBJC_ARC = YES;
				CLANG_ENABLE_OBJC_WEAK = YES;
				CLANG_WARN_BLOCK_CAPTURE_AUTORELEASING = YES;
				CLANG_WARN_BOOL_CONVERSION = YES;
				CLANG_WARN_COMMA = YES;
				CLANG_WARN_CONSTANT_CONVERSION = YES;
				CLANG_WARN_DEPRECATED_OBJC_IMPLEMENTATIONS = YES;
				CLANG_WARN_DIRECT_OBJC_ISA_USAGE = YES_ERROR;
				CLANG_WARN_DOCUMENTATION_COMMENTS = YES;
				CLANG_WARN_EMPTY_BODY = YES;
				CLANG_WARN_ENUM_CONVERSION = YES;
				CLANG_WARN_INFINITE_RECURSION = YES;
				CLANG_WARN_INT_CONVERSION = YES;
				CLANG_WARN_NON_LITERAL_NULL_CONVERSION = YES;
				CLANG_WARN_OBJC_IMPLICIT_RETAIN_SELF = YES;
				CLANG_WARN_OBJC_LITERAL_CONVERSION = YES;
				CLANG_WARN_OBJC_ROOT_CLASS = YES_ERROR;
				CLANG_WARN_QUOTED_INCLUDE_IN_FRAMEWORK_HEADER = YES;
				CLANG_WARN_RANGE_LOOP_ANALYSIS = YES;
				CLANG_WARN_STRICT_PROTOTYPES = YES;
				CLANG_WARN_SUSPICIOUS_MOVE = YES;
				CLANG_WARN_UNGUARDED_AVAILABILITY = YES_AGGRESSIVE;
				CLANG_WARN_UNREACHABLE_CODE = YES;
				CLANG_WARN__DUPLICATE_METHOD_MATCH = YES;
				COPY_PHASE_STRIP = NO;
				DEBUG_INFORMATION_FORMAT = "dwarf-with-dsym";
				ENABLE_NS_ASSERTIONS = NO;
				ENABLE_STRICT_OBJC_MSGSEND = YES;
				GCC_C_LANGUAGE_STANDARD = gnu11;
				GCC_NO_COMMON_BLOCKS = YES;
				GCC_WARN_64_TO_32_BIT_CONVERSION = YES;
				GCC_WARN_ABOUT_RETURN_TYPE = YES_ERROR;
				GCC_WARN_UNDECLARED_SELECTOR = YES;
				GCC_WARN_UNINITIALIZED_AUTOS = YES_AGGRESSIVE;
				GCC_WARN_UNUSED_FUNCTION = YES;
				GCC_WARN_UNUSED_VARIABLE = YES;
				IPHONEOS_DEPLOYMENT_TARGET = 15.5;
				MTL_ENABLE_DEBUG_INFO = NO;
				MTL_FAST_MATH = YES;
				SDKROOT = iphoneos;
				SWIFT_COMPILATION_MODE = wholemodule;
				SWIFT_OPTIMIZATION_LEVEL = "-O";
				VALIDATE_PRODUCT = YES;
			};
			name = Release;
		};
		A11B9F4B28CB0EB90005A906 /* Debug */ = {
			isa = XCBuildConfiguration;
			buildSettings = {
				ASSETCATALOG_COMPILER_APPICON_NAME = AppIcon;
				ASSETCATALOG_COMPILER_GLOBAL_ACCENT_COLOR_NAME = AccentColor;
				CODE_SIGN_STYLE = Automatic;
				CURRENT_PROJECT_VERSION = 1;
				DEVELOPMENT_ASSET_PATHS = "\"CDSwiftUI/Preview Content\"";
				ENABLE_PREVIEWS = YES;
				GENERATE_INFOPLIST_FILE = YES;
				INFOPLIST_KEY_UIApplicationSceneManifest_Generation = YES;
				INFOPLIST_KEY_UIApplicationSupportsIndirectInputEvents = YES;
				INFOPLIST_KEY_UILaunchScreen_Generation = YES;
				INFOPLIST_KEY_UISupportedInterfaceOrientations_iPad = "UIInterfaceOrientationPortrait UIInterfaceOrientationPortraitUpsideDown UIInterfaceOrientationLandscapeLeft UIInterfaceOrientationLandscapeRight";
				INFOPLIST_KEY_UISupportedInterfaceOrientations_iPhone = "UIInterfaceOrientationPortrait UIInterfaceOrientationLandscapeLeft UIInterfaceOrientationLandscapeRight";
				IPHONEOS_DEPLOYMENT_TARGET = 14.0;
				LD_RUNPATH_SEARCH_PATHS = (
					"$(inherited)",
					"@executable_path/Frameworks",
				);
				MARKETING_VERSION = 1.0;
				PRODUCT_BUNDLE_IDENTIFIER = kyujin.CDSwiftUI;
				PRODUCT_NAME = "$(TARGET_NAME)";
				SWIFT_EMIT_LOC_STRINGS = YES;
				SWIFT_VERSION = 5.0;
				TARGETED_DEVICE_FAMILY = "1,2";
			};
			name = Debug;
		};
		A11B9F4C28CB0EB90005A906 /* Release */ = {
			isa = XCBuildConfiguration;
			buildSettings = {
				ASSETCATALOG_COMPILER_APPICON_NAME = AppIcon;
				ASSETCATALOG_COMPILER_GLOBAL_ACCENT_COLOR_NAME = AccentColor;
				CODE_SIGN_STYLE = Automatic;
				CURRENT_PROJECT_VERSION = 1;
				DEVELOPMENT_ASSET_PATHS = "\"CDSwiftUI/Preview Content\"";
				ENABLE_PREVIEWS = YES;
				GENERATE_INFOPLIST_FILE = YES;
				INFOPLIST_KEY_UIApplicationSceneManifest_Generation = YES;
				INFOPLIST_KEY_UIApplicationSupportsIndirectInputEvents = YES;
				INFOPLIST_KEY_UILaunchScreen_Generation = YES;
				INFOPLIST_KEY_UISupportedInterfaceOrientations_iPad = "UIInterfaceOrientationPortrait UIInterfaceOrientationPortraitUpsideDown UIInterfaceOrientationLandscapeLeft UIInterfaceOrientationLandscapeRight";
				INFOPLIST_KEY_UISupportedInterfaceOrientations_iPhone = "UIInterfaceOrientationPortrait UIInterfaceOrientationLandscapeLeft UIInterfaceOrientationLandscapeRight";
				IPHONEOS_DEPLOYMENT_TARGET = 14.0;
				LD_RUNPATH_SEARCH_PATHS = (
					"$(inherited)",
					"@executable_path/Frameworks",
				);
				MARKETING_VERSION = 1.0;
				PRODUCT_BUNDLE_IDENTIFIER = kyujin.CDSwiftUI;
				PRODUCT_NAME = "$(TARGET_NAME)";
				SWIFT_EMIT_LOC_STRINGS = YES;
				SWIFT_VERSION = 5.0;
				TARGETED_DEVICE_FAMILY = "1,2";
			};
			name = Release;
		};
/* End XCBuildConfiguration section */

/* Begin XCConfigurationList section */
		A11B9F3728CB0EB70005A906 /* Build configuration list for PBXProject "CDSwiftUI" */ = {
			isa = XCConfigurationList;
			buildConfigurations = (
				A11B9F4828CB0EB90005A906 /* Debug */,
				A11B9F4928CB0EB90005A906 /* Release */,
			);
			defaultConfigurationIsVisible = 0;
			defaultConfigurationName = Release;
		};
		A11B9F4A28CB0EB90005A906 /* Build configuration list for PBXNativeTarget "CDSwiftUI" */ = {
			isa = XCConfigurationList;
			buildConfigurations = (
				A11B9F4B28CB0EB90005A906 /* Debug */,
				A11B9F4C28CB0EB90005A906 /* Release */,
			);
			defaultConfigurationIsVisible = 0;
			defaultConfigurationName = Release;
		};
/* End XCConfigurationList section */

/* Begin XCVersionGroup section */
		A1B8C87128CB8EFD0043B654 /* ContactsModel.xcdatamodeld */ = {
			isa = XCVersionGroup;
			children = (
				A1B8C87228CB8EFD0043B654 /* ContactsModel.xcdatamodel */,
			);
			currentVersion = A1B8C87228CB8EFD0043B654 /* ContactsModel.xcdatamodel */;
			path = ContactsModel.xcdatamodeld;
			sourceTree = "<group>";
			versionGroupType = wrapper.xcdatamodel;
		};
/* End XCVersionGroup section */
	};
	rootObject = A11B9F3428CB0EB70005A906 /* Project object */;
}
