// !$*UTF8*$!
{
	archiveVersion = 1;
	classes = {
	};
	objectVersion = 55;
	objects = {

/* Begin PBXBuildFile section */
		A1FFE8FD2890D99100099D5C /* _StateApp.swift in Sources */ = {isa = PBXBuildFile; fileRef = A1FFE8FC2890D99100099D5C /* _StateApp.swift */; };
		A1FFE8FF2890D99100099D5C /* ContentView.swift in Sources */ = {isa = PBXBuildFile; fileRef = A1FFE8FE2890D99100099D5C /* ContentView.swift */; };
		A1FFE9012890D99200099D5C /* Assets.xcassets in Resources */ = {isa = PBXBuildFile; fileRef = A1FFE9002890D99200099D5C /* Assets.xcassets */; };
		A1FFE9042890D99200099D5C /* Preview Assets.xcassets in Resources */ = {isa = PBXBuildFile; fileRef = A1FFE9032890D99200099D5C /* Preview Assets.xcassets */; };
		A1FFE90E2890D99300099D5C /* _StateTests.swift in Sources */ = {isa = PBXBuildFile; fileRef = A1FFE90D2890D99300099D5C /* _StateTests.swift */; };
		A1FFE9182890D99300099D5C /* _StateUITests.swift in Sources */ = {isa = PBXBuildFile; fileRef = A1FFE9172890D99300099D5C /* _StateUITests.swift */; };
		A1FFE91A2890D99300099D5C /* _StateUITestsLaunchTests.swift in Sources */ = {isa = PBXBuildFile; fileRef = A1FFE9192890D99300099D5C /* _StateUITestsLaunchTests.swift */; };
/* End PBXBuildFile section */

/* Begin PBXContainerItemProxy section */
		A1FFE90A2890D99300099D5C /* PBXContainerItemProxy */ = {
			isa = PBXContainerItemProxy;
			containerPortal = A1FFE8F12890D99100099D5C /* Project object */;
			proxyType = 1;
			remoteGlobalIDString = A1FFE8F82890D99100099D5C;
			remoteInfo = "@State";
		};
		A1FFE9142890D99300099D5C /* PBXContainerItemProxy */ = {
			isa = PBXContainerItemProxy;
			containerPortal = A1FFE8F12890D99100099D5C /* Project object */;
			proxyType = 1;
			remoteGlobalIDString = A1FFE8F82890D99100099D5C;
			remoteInfo = "@State";
		};
/* End PBXContainerItemProxy section */

/* Begin PBXFileReference section */
		A1FFE8F92890D99100099D5C /* @State.app */ = {isa = PBXFileReference; explicitFileType = wrapper.application; includeInIndex = 0; path = "@State.app"; sourceTree = BUILT_PRODUCTS_DIR; };
		A1FFE8FC2890D99100099D5C /* _StateApp.swift */ = {isa = PBXFileReference; lastKnownFileType = sourcecode.swift; path = _StateApp.swift; sourceTree = "<group>"; };
		A1FFE8FE2890D99100099D5C /* ContentView.swift */ = {isa = PBXFileReference; lastKnownFileType = sourcecode.swift; path = ContentView.swift; sourceTree = "<group>"; };
		A1FFE9002890D99200099D5C /* Assets.xcassets */ = {isa = PBXFileReference; lastKnownFileType = folder.assetcatalog; path = Assets.xcassets; sourceTree = "<group>"; };
		A1FFE9032890D99200099D5C /* Preview Assets.xcassets */ = {isa = PBXFileReference; lastKnownFileType = folder.assetcatalog; path = "Preview Assets.xcassets"; sourceTree = "<group>"; };
		A1FFE9092890D99300099D5C /* @StateTests.xctest */ = {isa = PBXFileReference; explicitFileType = wrapper.cfbundle; includeInIndex = 0; path = "@StateTests.xctest"; sourceTree = BUILT_PRODUCTS_DIR; };
		A1FFE90D2890D99300099D5C /* _StateTests.swift */ = {isa = PBXFileReference; lastKnownFileType = sourcecode.swift; path = _StateTests.swift; sourceTree = "<group>"; };
		A1FFE9132890D99300099D5C /* @StateUITests.xctest */ = {isa = PBXFileReference; explicitFileType = wrapper.cfbundle; includeInIndex = 0; path = "@StateUITests.xctest"; sourceTree = BUILT_PRODUCTS_DIR; };
		A1FFE9172890D99300099D5C /* _StateUITests.swift */ = {isa = PBXFileReference; lastKnownFileType = sourcecode.swift; path = _StateUITests.swift; sourceTree = "<group>"; };
		A1FFE9192890D99300099D5C /* _StateUITestsLaunchTests.swift */ = {isa = PBXFileReference; lastKnownFileType = sourcecode.swift; path = _StateUITestsLaunchTests.swift; sourceTree = "<group>"; };
/* End PBXFileReference section */

/* Begin PBXFrameworksBuildPhase section */
		A1FFE8F62890D99100099D5C /* Frameworks */ = {
			isa = PBXFrameworksBuildPhase;
			buildActionMask = 2147483647;
			files = (
			);
			runOnlyForDeploymentPostprocessing = 0;
		};
		A1FFE9062890D99300099D5C /* Frameworks */ = {
			isa = PBXFrameworksBuildPhase;
			buildActionMask = 2147483647;
			files = (
			);
			runOnlyForDeploymentPostprocessing = 0;
		};
		A1FFE9102890D99300099D5C /* Frameworks */ = {
			isa = PBXFrameworksBuildPhase;
			buildActionMask = 2147483647;
			files = (
			);
			runOnlyForDeploymentPostprocessing = 0;
		};
/* End PBXFrameworksBuildPhase section */

/* Begin PBXGroup section */
		A1FFE8F02890D99100099D5C = {
			isa = PBXGroup;
			children = (
				A1FFE8FB2890D99100099D5C /* @State */,
				A1FFE90C2890D99300099D5C /* @StateTests */,
				A1FFE9162890D99300099D5C /* @StateUITests */,
				A1FFE8FA2890D99100099D5C /* Products */,
			);
			sourceTree = "<group>";
		};
		A1FFE8FA2890D99100099D5C /* Products */ = {
			isa = PBXGroup;
			children = (
				A1FFE8F92890D99100099D5C /* @State.app */,
				A1FFE9092890D99300099D5C /* @StateTests.xctest */,
				A1FFE9132890D99300099D5C /* @StateUITests.xctest */,
			);
			name = Products;
			sourceTree = "<group>";
		};
		A1FFE8FB2890D99100099D5C /* @State */ = {
			isa = PBXGroup;
			children = (
				A1FFE8FC2890D99100099D5C /* _StateApp.swift */,
				A1FFE8FE2890D99100099D5C /* ContentView.swift */,
				A1FFE9002890D99200099D5C /* Assets.xcassets */,
				A1FFE9022890D99200099D5C /* Preview Content */,
			);
			path = "@State";
			sourceTree = "<group>";
		};
		A1FFE9022890D99200099D5C /* Preview Content */ = {
			isa = PBXGroup;
			children = (
				A1FFE9032890D99200099D5C /* Preview Assets.xcassets */,
			);
			path = "Preview Content";
			sourceTree = "<group>";
		};
		A1FFE90C2890D99300099D5C /* @StateTests */ = {
			isa = PBXGroup;
			children = (
				A1FFE90D2890D99300099D5C /* _StateTests.swift */,
			);
			path = "@StateTests";
			sourceTree = "<group>";
		};
		A1FFE9162890D99300099D5C /* @StateUITests */ = {
			isa = PBXGroup;
			children = (
				A1FFE9172890D99300099D5C /* _StateUITests.swift */,
				A1FFE9192890D99300099D5C /* _StateUITestsLaunchTests.swift */,
			);
			path = "@StateUITests";
			sourceTree = "<group>";
		};
/* End PBXGroup section */

/* Begin PBXNativeTarget section */
		A1FFE8F82890D99100099D5C /* @State */ = {
			isa = PBXNativeTarget;
			buildConfigurationList = A1FFE91D2890D99300099D5C /* Build configuration list for PBXNativeTarget "@State" */;
			buildPhases = (
				A1FFE8F52890D99100099D5C /* Sources */,
				A1FFE8F62890D99100099D5C /* Frameworks */,
				A1FFE8F72890D99100099D5C /* Resources */,
			);
			buildRules = (
			);
			dependencies = (
			);
			name = "@State";
			productName = "@State";
			productReference = A1FFE8F92890D99100099D5C /* @State.app */;
			productType = "com.apple.product-type.application";
		};
		A1FFE9082890D99300099D5C /* @StateTests */ = {
			isa = PBXNativeTarget;
			buildConfigurationList = A1FFE9202890D99300099D5C /* Build configuration list for PBXNativeTarget "@StateTests" */;
			buildPhases = (
				A1FFE9052890D99300099D5C /* Sources */,
				A1FFE9062890D99300099D5C /* Frameworks */,
				A1FFE9072890D99300099D5C /* Resources */,
			);
			buildRules = (
			);
			dependencies = (
				A1FFE90B2890D99300099D5C /* PBXTargetDependency */,
			);
			name = "@StateTests";
			productName = "@StateTests";
			productReference = A1FFE9092890D99300099D5C /* @StateTests.xctest */;
			productType = "com.apple.product-type.bundle.unit-test";
		};
		A1FFE9122890D99300099D5C /* @StateUITests */ = {
			isa = PBXNativeTarget;
			buildConfigurationList = A1FFE9232890D99300099D5C /* Build configuration list for PBXNativeTarget "@StateUITests" */;
			buildPhases = (
				A1FFE90F2890D99300099D5C /* Sources */,
				A1FFE9102890D99300099D5C /* Frameworks */,
				A1FFE9112890D99300099D5C /* Resources */,
			);
			buildRules = (
			);
			dependencies = (
				A1FFE9152890D99300099D5C /* PBXTargetDependency */,
			);
			name = "@StateUITests";
			productName = "@StateUITests";
			productReference = A1FFE9132890D99300099D5C /* @StateUITests.xctest */;
			productType = "com.apple.product-type.bundle.ui-testing";
		};
/* End PBXNativeTarget section */

/* Begin PBXProject section */
		A1FFE8F12890D99100099D5C /* Project object */ = {
			isa = PBXProject;
			attributes = {
				BuildIndependentTargetsInParallel = 1;
				LastSwiftUpdateCheck = 1340;
				LastUpgradeCheck = 1340;
				TargetAttributes = {
					A1FFE8F82890D99100099D5C = {
						CreatedOnToolsVersion = 13.4.1;
					};
					A1FFE9082890D99300099D5C = {
						CreatedOnToolsVersion = 13.4.1;
						TestTargetID = A1FFE8F82890D99100099D5C;
					};
					A1FFE9122890D99300099D5C = {
						CreatedOnToolsVersion = 13.4.1;
						TestTargetID = A1FFE8F82890D99100099D5C;
					};
				};
			};
			buildConfigurationList = A1FFE8F42890D99100099D5C /* Build configuration list for PBXProject "@State" */;
			compatibilityVersion = "Xcode 13.0";
			developmentRegion = en;
			hasScannedForEncodings = 0;
			knownRegions = (
				en,
				Base,
			);
			mainGroup = A1FFE8F02890D99100099D5C;
			productRefGroup = A1FFE8FA2890D99100099D5C /* Products */;
			projectDirPath = "";
			projectRoot = "";
			targets = (
				A1FFE8F82890D99100099D5C /* @State */,
				A1FFE9082890D99300099D5C /* @StateTests */,
				A1FFE9122890D99300099D5C /* @StateUITests */,
			);
		};
/* End PBXProject section */

/* Begin PBXResourcesBuildPhase section */
		A1FFE8F72890D99100099D5C /* Resources */ = {
			isa = PBXResourcesBuildPhase;
			buildActionMask = 2147483647;
			files = (
				A1FFE9042890D99200099D5C /* Preview Assets.xcassets in Resources */,
				A1FFE9012890D99200099D5C /* Assets.xcassets in Resources */,
			);
			runOnlyForDeploymentPostprocessing = 0;
		};
		A1FFE9072890D99300099D5C /* Resources */ = {
			isa = PBXResourcesBuildPhase;
			buildActionMask = 2147483647;
			files = (
			);
			runOnlyForDeploymentPostprocessing = 0;
		};
		A1FFE9112890D99300099D5C /* Resources */ = {
			isa = PBXResourcesBuildPhase;
			buildActionMask = 2147483647;
			files = (
			);
			runOnlyForDeploymentPostprocessing = 0;
		};
/* End PBXResourcesBuildPhase section */

/* Begin PBXSourcesBuildPhase section */
		A1FFE8F52890D99100099D5C /* Sources */ = {
			isa = PBXSourcesBuildPhase;
			buildActionMask = 2147483647;
			files = (
				A1FFE8FF2890D99100099D5C /* ContentView.swift in Sources */,
				A1FFE8FD2890D99100099D5C /* _StateApp.swift in Sources */,
			);
			runOnlyForDeploymentPostprocessing = 0;
		};
		A1FFE9052890D99300099D5C /* Sources */ = {
			isa = PBXSourcesBuildPhase;
			buildActionMask = 2147483647;
			files = (
				A1FFE90E2890D99300099D5C /* _StateTests.swift in Sources */,
			);
			runOnlyForDeploymentPostprocessing = 0;
		};
		A1FFE90F2890D99300099D5C /* Sources */ = {
			isa = PBXSourcesBuildPhase;
			buildActionMask = 2147483647;
			files = (
				A1FFE91A2890D99300099D5C /* _StateUITestsLaunchTests.swift in Sources */,
				A1FFE9182890D99300099D5C /* _StateUITests.swift in Sources */,
			);
			runOnlyForDeploymentPostprocessing = 0;
		};
/* End PBXSourcesBuildPhase section */

/* Begin PBXTargetDependency section */
		A1FFE90B2890D99300099D5C /* PBXTargetDependency */ = {
			isa = PBXTargetDependency;
			target = A1FFE8F82890D99100099D5C /* @State */;
			targetProxy = A1FFE90A2890D99300099D5C /* PBXContainerItemProxy */;
		};
		A1FFE9152890D99300099D5C /* PBXTargetDependency */ = {
			isa = PBXTargetDependency;
			target = A1FFE8F82890D99100099D5C /* @State */;
			targetProxy = A1FFE9142890D99300099D5C /* PBXContainerItemProxy */;
		};
/* End PBXTargetDependency section */

/* Begin XCBuildConfiguration section */
		A1FFE91B2890D99300099D5C /* Debug */ = {
			isa = XCBuildConfiguration;
			buildSettings = {
				ALWAYS_SEARCH_USER_PATHS = NO;
				CLANG_ANALYZER_NONNULL = YES;
				CLANG_ANALYZER_NUMBER_OBJECT_CONVERSION = YES_AGGRESSIVE;
				CLANG_CXX_LANGUAGE_STANDARD = "gnu++17";
				CLANG_ENABLE_MODULES = YES;
				CLANG_ENABLE_OBJC_ARC = YES;
				CLANG_ENABLE_OBJC_WEAK = YES;
				CLANG_WARN_BLOCK_CAPTURE_AUTORELEASING = YES;
				CLANG_WARN_BOOL_CONVERSION = YES;
				CLANG_WARN_COMMA = YES;
				CLANG_WARN_CONSTANT_CONVERSION = YES;
				CLANG_WARN_DEPRECATED_OBJC_IMPLEMENTATIONS = YES;
				CLANG_WARN_DIRECT_OBJC_ISA_USAGE = YES_ERROR;
				CLANG_WARN_DOCUMENTATION_COMMENTS = YES;
				CLANG_WARN_EMPTY_BODY = YES;
				CLANG_WARN_ENUM_CONVERSION = YES;
				CLANG_WARN_INFINITE_RECURSION = YES;
				CLANG_WARN_INT_CONVERSION = YES;
				CLANG_WARN_NON_LITERAL_NULL_CONVERSION = YES;
				CLANG_WARN_OBJC_IMPLICIT_RETAIN_SELF = YES;
				CLANG_WARN_OBJC_LITERAL_CONVERSION = YES;
				CLANG_WARN_OBJC_ROOT_CLASS = YES_ERROR;
				CLANG_WARN_QUOTED_INCLUDE_IN_FRAMEWORK_HEADER = YES;
				CLANG_WARN_RANGE_LOOP_ANALYSIS = YES;
				CLANG_WARN_STRICT_PROTOTYPES = YES;
				CLANG_WARN_SUSPICIOUS_MOVE = YES;
				CLANG_WARN_UNGUARDED_AVAILABILITY = YES_AGGRESSIVE;
				CLANG_WARN_UNREACHABLE_CODE = YES;
				CLANG_WARN__DUPLICATE_METHOD_MATCH = YES;
				COPY_PHASE_STRIP = NO;
				DEBUG_INFORMATION_FORMAT = dwarf;
				ENABLE_STRICT_OBJC_MSGSEND = YES;
				ENABLE_TESTABILITY = YES;
				GCC_C_LANGUAGE_STANDARD = gnu11;
				GCC_DYNAMIC_NO_PIC = NO;
				GCC_NO_COMMON_BLOCKS = YES;
				GCC_OPTIMIZATION_LEVEL = 0;
				GCC_PREPROCESSOR_DEFINITIONS = (
					"DEBUG=1",
					"$(inherited)",
				);
				GCC_WARN_64_TO_32_BIT_CONVERSION = YES;
				GCC_WARN_ABOUT_RETURN_TYPE = YES_ERROR;
				GCC_WARN_UNDECLARED_SELECTOR = YES;
				GCC_WARN_UNINITIALIZED_AUTOS = YES_AGGRESSIVE;
				GCC_WARN_UNUSED_FUNCTION = YES;
				GCC_WARN_UNUSED_VARIABLE = YES;
				IPHONEOS_DEPLOYMENT_TARGET = 15.5;
				MTL_ENABLE_DEBUG_INFO = INCLUDE_SOURCE;
				MTL_FAST_MATH = YES;
				ONLY_ACTIVE_ARCH = YES;
				SDKROOT = iphoneos;
				SWIFT_ACTIVE_COMPILATION_CONDITIONS = DEBUG;
				SWIFT_OPTIMIZATION_LEVEL = "-Onone";
			};
			name = Debug;
		};
		A1FFE91C2890D99300099D5C /* Release */ = {
			isa = XCBuildConfiguration;
			buildSettings = {
				ALWAYS_SEARCH_USER_PATHS = NO;
				CLANG_ANALYZER_NONNULL = YES;
				CLANG_ANALYZER_NUMBER_OBJECT_CONVERSION = YES_AGGRESSIVE;
				CLANG_CXX_LANGUAGE_STANDARD = "gnu++17";
				CLANG_ENABLE_MODULES = YES;
				CLANG_ENABLE_OBJC_ARC = YES;
				CLANG_ENABLE_OBJC_WEAK = YES;
				CLANG_WARN_BLOCK_CAPTURE_AUTORELEASING = YES;
				CLANG_WARN_BOOL_CONVERSION = YES;
				CLANG_WARN_COMMA = YES;
				CLANG_WARN_CONSTANT_CONVERSION = YES;
				CLANG_WARN_DEPRECATED_OBJC_IMPLEMENTATIONS = YES;
				CLANG_WARN_DIRECT_OBJC_ISA_USAGE = YES_ERROR;
				CLANG_WARN_DOCUMENTATION_COMMENTS = YES;
				CLANG_WARN_EMPTY_BODY = YES;
				CLANG_WARN_ENUM_CONVERSION = YES;
				CLANG_WARN_INFINITE_RECURSION = YES;
				CLANG_WARN_INT_CONVERSION = YES;
				CLANG_WARN_NON_LITERAL_NULL_CONVERSION = YES;
				CLANG_WARN_OBJC_IMPLICIT_RETAIN_SELF = YES;
				CLANG_WARN_OBJC_LITERAL_CONVERSION = YES;
				CLANG_WARN_OBJC_ROOT_CLASS = YES_ERROR;
				CLANG_WARN_QUOTED_INCLUDE_IN_FRAMEWORK_HEADER = YES;
				CLANG_WARN_RANGE_LOOP_ANALYSIS = YES;
				CLANG_WARN_STRICT_PROTOTYPES = YES;
				CLANG_WARN_SUSPICIOUS_MOVE = YES;
				CLANG_WARN_UNGUARDED_AVAILABILITY = YES_AGGRESSIVE;
				CLANG_WARN_UNREACHABLE_CODE = YES;
				CLANG_WARN__DUPLICATE_METHOD_MATCH = YES;
				COPY_PHASE_STRIP = NO;
				DEBUG_INFORMATION_FORMAT = "dwarf-with-dsym";
				ENABLE_NS_ASSERTIONS = NO;
				ENABLE_STRICT_OBJC_MSGSEND = YES;
				GCC_C_LANGUAGE_STANDARD = gnu11;
				GCC_NO_COMMON_BLOCKS = YES;
				GCC_WARN_64_TO_32_BIT_CONVERSION = YES;
				GCC_WARN_ABOUT_RETURN_TYPE = YES_ERROR;
				GCC_WARN_UNDECLARED_SELECTOR = YES;
				GCC_WARN_UNINITIALIZED_AUTOS = YES_AGGRESSIVE;
				GCC_WARN_UNUSED_FUNCTION = YES;
				GCC_WARN_UNUSED_VARIABLE = YES;
				IPHONEOS_DEPLOYMENT_TARGET = 15.5;
				MTL_ENABLE_DEBUG_INFO = NO;
				MTL_FAST_MATH = YES;
				SDKROOT = iphoneos;
				SWIFT_COMPILATION_MODE = wholemodule;
				SWIFT_OPTIMIZATION_LEVEL = "-O";
				VALIDATE_PRODUCT = YES;
			};
			name = Release;
		};
		A1FFE91E2890D99300099D5C /* Debug */ = {
			isa = XCBuildConfiguration;
			buildSettings = {
				ASSETCATALOG_COMPILER_APPICON_NAME = AppIcon;
				ASSETCATALOG_COMPILER_GLOBAL_ACCENT_COLOR_NAME = AccentColor;
				CODE_SIGN_STYLE = Automatic;
				CURRENT_PROJECT_VERSION = 1;
				DEVELOPMENT_ASSET_PATHS = "\"@State/Preview Content\"";
				DEVELOPMENT_TEAM = VBHJCPK49S;
				ENABLE_PREVIEWS = YES;
				GENERATE_INFOPLIST_FILE = YES;
				INFOPLIST_KEY_UIApplicationSceneManifest_Generation = YES;
				INFOPLIST_KEY_UIApplicationSupportsIndirectInputEvents = YES;
				INFOPLIST_KEY_UILaunchScreen_Generation = YES;
				INFOPLIST_KEY_UISupportedInterfaceOrientations_iPad = "UIInterfaceOrientationPortrait UIInterfaceOrientationPortraitUpsideDown UIInterfaceOrientationLandscapeLeft UIInterfaceOrientationLandscapeRight";
				INFOPLIST_KEY_UISupportedInterfaceOrientations_iPhone = "UIInterfaceOrientationPortrait UIInterfaceOrientationLandscapeLeft UIInterfaceOrientationLandscapeRight";
				LD_RUNPATH_SEARCH_PATHS = (
					"$(inherited)",
					"@executable_path/Frameworks",
				);
				MARKETING_VERSION = 1.0;
				PRODUCT_BUNDLE_IDENTIFIER = "kyujin.-State";
				PRODUCT_NAME = "$(TARGET_NAME)";
				SWIFT_EMIT_LOC_STRINGS = YES;
				SWIFT_VERSION = 5.0;
				TARGETED_DEVICE_FAMILY = "1,2";
			};
			name = Debug;
		};
		A1FFE91F2890D99300099D5C /* Release */ = {
			isa = XCBuildConfiguration;
			buildSettings = {
				ASSETCATALOG_COMPILER_APPICON_NAME = AppIcon;
				ASSETCATALOG_COMPILER_GLOBAL_ACCENT_COLOR_NAME = AccentColor;
				CODE_SIGN_STYLE = Automatic;
				CURRENT_PROJECT_VERSION = 1;
				DEVELOPMENT_ASSET_PATHS = "\"@State/Preview Content\"";
				DEVELOPMENT_TEAM = VBHJCPK49S;
				ENABLE_PREVIEWS = YES;
				GENERATE_INFOPLIST_FILE = YES;
				INFOPLIST_KEY_UIApplicationSceneManifest_Generation = YES;
				INFOPLIST_KEY_UIApplicationSupportsIndirectInputEvents = YES;
				INFOPLIST_KEY_UILaunchScreen_Generation = YES;
				INFOPLIST_KEY_UISupportedInterfaceOrientations_iPad = "UIInterfaceOrientationPortrait UIInterfaceOrientationPortraitUpsideDown UIInterfaceOrientationLandscapeLeft UIInterfaceOrientationLandscapeRight";
				INFOPLIST_KEY_UISupportedInterfaceOrientations_iPhone = "UIInterfaceOrientationPortrait UIInterfaceOrientationLandscapeLeft UIInterfaceOrientationLandscapeRight";
				LD_RUNPATH_SEARCH_PATHS = (
					"$(inherited)",
					"@executable_path/Frameworks",
				);
				MARKETING_VERSION = 1.0;
				PRODUCT_BUNDLE_IDENTIFIER = "kyujin.-State";
				PRODUCT_NAME = "$(TARGET_NAME)";
				SWIFT_EMIT_LOC_STRINGS = YES;
				SWIFT_VERSION = 5.0;
				TARGETED_DEVICE_FAMILY = "1,2";
			};
			name = Release;
		};
		A1FFE9212890D99300099D5C /* Debug */ = {
			isa = XCBuildConfiguration;
			buildSettings = {
				ALWAYS_EMBED_SWIFT_STANDARD_LIBRARIES = YES;
				BUNDLE_LOADER = "$(TEST_HOST)";
				CODE_SIGN_STYLE = Automatic;
				CURRENT_PROJECT_VERSION = 1;
				DEVELOPMENT_TEAM = VBHJCPK49S;
				GENERATE_INFOPLIST_FILE = YES;
				IPHONEOS_DEPLOYMENT_TARGET = 15.5;
				MARKETING_VERSION = 1.0;
				PRODUCT_BUNDLE_IDENTIFIER = "kyujin.-StateTests";
				PRODUCT_NAME = "$(TARGET_NAME)";
				SWIFT_EMIT_LOC_STRINGS = NO;
				SWIFT_VERSION = 5.0;
				TARGETED_DEVICE_FAMILY = "1,2";
				TEST_HOST = "$(BUILT_PRODUCTS_DIR)/@State.app/@State";
			};
			name = Debug;
		};
		A1FFE9222890D99300099D5C /* Release */ = {
			isa = XCBuildConfiguration;
			buildSettings = {
				ALWAYS_EMBED_SWIFT_STANDARD_LIBRARIES = YES;
				BUNDLE_LOADER = "$(TEST_HOST)";
				CODE_SIGN_STYLE = Automatic;
				CURRENT_PROJECT_VERSION = 1;
				DEVELOPMENT_TEAM = VBHJCPK49S;
				GENERATE_INFOPLIST_FILE = YES;
				IPHONEOS_DEPLOYMENT_TARGET = 15.5;
				MARKETING_VERSION = 1.0;
				PRODUCT_BUNDLE_IDENTIFIER = "kyujin.-StateTests";
				PRODUCT_NAME = "$(TARGET_NAME)";
				SWIFT_EMIT_LOC_STRINGS = NO;
				SWIFT_VERSION = 5.0;
				TARGETED_DEVICE_FAMILY = "1,2";
				TEST_HOST = "$(BUILT_PRODUCTS_DIR)/@State.app/@State";
			};
			name = Release;
		};
		A1FFE9242890D99300099D5C /* Debug */ = {
			isa = XCBuildConfiguration;
			buildSettings = {
				ALWAYS_EMBED_SWIFT_STANDARD_LIBRARIES = YES;
				CODE_SIGN_STYLE = Automatic;
				CURRENT_PROJECT_VERSION = 1;
				DEVELOPMENT_TEAM = VBHJCPK49S;
				GENERATE_INFOPLIST_FILE = YES;
				MARKETING_VERSION = 1.0;
				PRODUCT_BUNDLE_IDENTIFIER = "kyujin.-StateUITests";
				PRODUCT_NAME = "$(TARGET_NAME)";
				SWIFT_EMIT_LOC_STRINGS = NO;
				SWIFT_VERSION = 5.0;
				TARGETED_DEVICE_FAMILY = "1,2";
				TEST_TARGET_NAME = "@State";
			};
			name = Debug;
		};
		A1FFE9252890D99300099D5C /* Release */ = {
			isa = XCBuildConfiguration;
			buildSettings = {
				ALWAYS_EMBED_SWIFT_STANDARD_LIBRARIES = YES;
				CODE_SIGN_STYLE = Automatic;
				CURRENT_PROJECT_VERSION = 1;
				DEVELOPMENT_TEAM = VBHJCPK49S;
				GENERATE_INFOPLIST_FILE = YES;
				MARKETING_VERSION = 1.0;
				PRODUCT_BUNDLE_IDENTIFIER = "kyujin.-StateUITests";
				PRODUCT_NAME = "$(TARGET_NAME)";
				SWIFT_EMIT_LOC_STRINGS = NO;
				SWIFT_VERSION = 5.0;
				TARGETED_DEVICE_FAMILY = "1,2";
				TEST_TARGET_NAME = "@State";
			};
			name = Release;
		};
/* End XCBuildConfiguration section */

/* Begin XCConfigurationList section */
		A1FFE8F42890D99100099D5C /* Build configuration list for PBXProject "@State" */ = {
			isa = XCConfigurationList;
			buildConfigurations = (
				A1FFE91B2890D99300099D5C /* Debug */,
				A1FFE91C2890D99300099D5C /* Release */,
			);
			defaultConfigurationIsVisible = 0;
			defaultConfigurationName = Release;
		};
		A1FFE91D2890D99300099D5C /* Build configuration list for PBXNativeTarget "@State" */ = {
			isa = XCConfigurationList;
			buildConfigurations = (
				A1FFE91E2890D99300099D5C /* Debug */,
				A1FFE91F2890D99300099D5C /* Release */,
			);
			defaultConfigurationIsVisible = 0;
			defaultConfigurationName = Release;
		};
		A1FFE9202890D99300099D5C /* Build configuration list for PBXNativeTarget "@StateTests" */ = {
			isa = XCConfigurationList;
			buildConfigurations = (
				A1FFE9212890D99300099D5C /* Debug */,
				A1FFE9222890D99300099D5C /* Release */,
			);
			defaultConfigurationIsVisible = 0;
			defaultConfigurationName = Release;
		};
		A1FFE9232890D99300099D5C /* Build configuration list for PBXNativeTarget "@StateUITests" */ = {
			isa = XCConfigurationList;
			buildConfigurations = (
				A1FFE9242890D99300099D5C /* Debug */,
				A1FFE9252890D99300099D5C /* Release */,
			);
			defaultConfigurationIsVisible = 0;
			defaultConfigurationName = Release;
		};
/* End XCConfigurationList section */
	};
	rootObject = A1FFE8F12890D99100099D5C /* Project object */;
}
