// !$*UTF8*$!
{
	archiveVersion = 1;
	classes = {
	};
	objectVersion = 55;
	objects = {

/* Begin PBXBuildFile section */
		A1FFEA5728918DB000099D5C /* MyInfoApp.swift in Sources */ = {isa = PBXBuildFile; fileRef = A1FFEA5628918DB000099D5C /* MyInfoApp.swift */; };
		A1FFEA5928918DB000099D5C /* HomeView.swift in Sources */ = {isa = PBXBuildFile; fileRef = A1FFEA5828918DB000099D5C /* HomeView.swift */; };
		A1FFEA5B28918DB100099D5C /* Assets.xcassets in Resources */ = {isa = PBXBuildFile; fileRef = A1FFEA5A28918DB100099D5C /* Assets.xcassets */; };
		A1FFEA5E28918DB100099D5C /* Preview Assets.xcassets in Resources */ = {isa = PBXBuildFile; fileRef = A1FFEA5D28918DB100099D5C /* Preview Assets.xcassets */; };
		A1FFEA6828918DB100099D5C /* MyInfoTests.swift in Sources */ = {isa = PBXBuildFile; fileRef = A1FFEA6728918DB100099D5C /* MyInfoTests.swift */; };
		A1FFEA7228918DB100099D5C /* MyInfoUITests.swift in Sources */ = {isa = PBXBuildFile; fileRef = A1FFEA7128918DB100099D5C /* MyInfoUITests.swift */; };
		A1FFEA7428918DB100099D5C /* MyInfoUITestsLaunchTests.swift in Sources */ = {isa = PBXBuildFile; fileRef = A1FFEA7328918DB100099D5C /* MyInfoUITestsLaunchTests.swift */; };
		A1FFEA84289198D700099D5C /* GetInfoView.swift in Sources */ = {isa = PBXBuildFile; fileRef = A1FFEA83289198D700099D5C /* GetInfoView.swift */; };
		A1FFEA86289199F800099D5C /* OutputInfoView.swift in Sources */ = {isa = PBXBuildFile; fileRef = A1FFEA85289199F800099D5C /* OutputInfoView.swift */; };
/* End PBXBuildFile section */

/* Begin PBXContainerItemProxy section */
		A1FFEA6428918DB100099D5C /* PBXContainerItemProxy */ = {
			isa = PBXContainerItemProxy;
			containerPortal = A1FFEA4B28918DB000099D5C /* Project object */;
			proxyType = 1;
			remoteGlobalIDString = A1FFEA5228918DB000099D5C;
			remoteInfo = MyInfo;
		};
		A1FFEA6E28918DB100099D5C /* PBXContainerItemProxy */ = {
			isa = PBXContainerItemProxy;
			containerPortal = A1FFEA4B28918DB000099D5C /* Project object */;
			proxyType = 1;
			remoteGlobalIDString = A1FFEA5228918DB000099D5C;
			remoteInfo = MyInfo;
		};
/* End PBXContainerItemProxy section */

/* Begin PBXFileReference section */
		A1FFEA5328918DB000099D5C /* MyInfo.app */ = {isa = PBXFileReference; explicitFileType = wrapper.application; includeInIndex = 0; path = MyInfo.app; sourceTree = BUILT_PRODUCTS_DIR; };
		A1FFEA5628918DB000099D5C /* MyInfoApp.swift */ = {isa = PBXFileReference; lastKnownFileType = sourcecode.swift; path = MyInfoApp.swift; sourceTree = "<group>"; };
		A1FFEA5828918DB000099D5C /* HomeView.swift */ = {isa = PBXFileReference; lastKnownFileType = sourcecode.swift; path = HomeView.swift; sourceTree = "<group>"; };
		A1FFEA5A28918DB100099D5C /* Assets.xcassets */ = {isa = PBXFileReference; lastKnownFileType = folder.assetcatalog; path = Assets.xcassets; sourceTree = "<group>"; };
		A1FFEA5D28918DB100099D5C /* Preview Assets.xcassets */ = {isa = PBXFileReference; lastKnownFileType = folder.assetcatalog; path = "Preview Assets.xcassets"; sourceTree = "<group>"; };
		A1FFEA6328918DB100099D5C /* MyInfoTests.xctest */ = {isa = PBXFileReference; explicitFileType = wrapper.cfbundle; includeInIndex = 0; path = MyInfoTests.xctest; sourceTree = BUILT_PRODUCTS_DIR; };
		A1FFEA6728918DB100099D5C /* MyInfoTests.swift */ = {isa = PBXFileReference; lastKnownFileType = sourcecode.swift; path = MyInfoTests.swift; sourceTree = "<group>"; };
		A1FFEA6D28918DB100099D5C /* MyInfoUITests.xctest */ = {isa = PBXFileReference; explicitFileType = wrapper.cfbundle; includeInIndex = 0; path = MyInfoUITests.xctest; sourceTree = BUILT_PRODUCTS_DIR; };
		A1FFEA7128918DB100099D5C /* MyInfoUITests.swift */ = {isa = PBXFileReference; lastKnownFileType = sourcecode.swift; path = MyInfoUITests.swift; sourceTree = "<group>"; };
		A1FFEA7328918DB100099D5C /* MyInfoUITestsLaunchTests.swift */ = {isa = PBXFileReference; lastKnownFileType = sourcecode.swift; path = MyInfoUITestsLaunchTests.swift; sourceTree = "<group>"; };
		A1FFEA83289198D700099D5C /* GetInfoView.swift */ = {isa = PBXFileReference; lastKnownFileType = sourcecode.swift; path = GetInfoView.swift; sourceTree = "<group>"; };
		A1FFEA85289199F800099D5C /* OutputInfoView.swift */ = {isa = PBXFileReference; lastKnownFileType = sourcecode.swift; path = OutputInfoView.swift; sourceTree = "<group>"; };
/* End PBXFileReference section */

/* Begin PBXFrameworksBuildPhase section */
		A1FFEA5028918DB000099D5C /* Frameworks */ = {
			isa = PBXFrameworksBuildPhase;
			buildActionMask = 2147483647;
			files = (
			);
			runOnlyForDeploymentPostprocessing = 0;
		};
		A1FFEA6028918DB100099D5C /* Frameworks */ = {
			isa = PBXFrameworksBuildPhase;
			buildActionMask = 2147483647;
			files = (
			);
			runOnlyForDeploymentPostprocessing = 0;
		};
		A1FFEA6A28918DB100099D5C /* Frameworks */ = {
			isa = PBXFrameworksBuildPhase;
			buildActionMask = 2147483647;
			files = (
			);
			runOnlyForDeploymentPostprocessing = 0;
		};
/* End PBXFrameworksBuildPhase section */

/* Begin PBXGroup section */
		A1FFEA4A28918DB000099D5C = {
			isa = PBXGroup;
			children = (
				A1FFEA5528918DB000099D5C /* MyInfo */,
				A1FFEA6628918DB100099D5C /* MyInfoTests */,
				A1FFEA7028918DB100099D5C /* MyInfoUITests */,
				A1FFEA5428918DB000099D5C /* Products */,
			);
			sourceTree = "<group>";
		};
		A1FFEA5428918DB000099D5C /* Products */ = {
			isa = PBXGroup;
			children = (
				A1FFEA5328918DB000099D5C /* MyInfo.app */,
				A1FFEA6328918DB100099D5C /* MyInfoTests.xctest */,
				A1FFEA6D28918DB100099D5C /* MyInfoUITests.xctest */,
			);
			name = Products;
			sourceTree = "<group>";
		};
		A1FFEA5528918DB000099D5C /* MyInfo */ = {
			isa = PBXGroup;
			children = (
				A1FFEA5628918DB000099D5C /* MyInfoApp.swift */,
				A1FFEA8128918F6800099D5C /* View */,
				A1FFEA8028918F6000099D5C /* Model */,
				A1FFEA5A28918DB100099D5C /* Assets.xcassets */,
				A1FFEA5C28918DB100099D5C /* Preview Content */,
			);
			path = MyInfo;
			sourceTree = "<group>";
		};
		A1FFEA5C28918DB100099D5C /* Preview Content */ = {
			isa = PBXGroup;
			children = (
				A1FFEA5D28918DB100099D5C /* Preview Assets.xcassets */,
			);
			path = "Preview Content";
			sourceTree = "<group>";
		};
		A1FFEA6628918DB100099D5C /* MyInfoTests */ = {
			isa = PBXGroup;
			children = (
				A1FFEA6728918DB100099D5C /* MyInfoTests.swift */,
			);
			path = MyInfoTests;
			sourceTree = "<group>";
		};
		A1FFEA7028918DB100099D5C /* MyInfoUITests */ = {
			isa = PBXGroup;
			children = (
				A1FFEA7128918DB100099D5C /* MyInfoUITests.swift */,
				A1FFEA7328918DB100099D5C /* MyInfoUITestsLaunchTests.swift */,
			);
			path = MyInfoUITests;
			sourceTree = "<group>";
		};
		A1FFEA8028918F6000099D5C /* Model */ = {
			isa = PBXGroup;
			children = (
			);
			path = Model;
			sourceTree = "<group>";
		};
		A1FFEA8128918F6800099D5C /* View */ = {
			isa = PBXGroup;
			children = (
				A1FFEA5828918DB000099D5C /* HomeView.swift */,
				A1FFEA83289198D700099D5C /* GetInfoView.swift */,
				A1FFEA85289199F800099D5C /* OutputInfoView.swift */,
			);
			path = View;
			sourceTree = "<group>";
		};
/* End PBXGroup section */

/* Begin PBXNativeTarget section */
		A1FFEA5228918DB000099D5C /* MyInfo */ = {
			isa = PBXNativeTarget;
			buildConfigurationList = A1FFEA7728918DB100099D5C /* Build configuration list for PBXNativeTarget "MyInfo" */;
			buildPhases = (
				A1FFEA4F28918DB000099D5C /* Sources */,
				A1FFEA5028918DB000099D5C /* Frameworks */,
				A1FFEA5128918DB000099D5C /* Resources */,
			);
			buildRules = (
			);
			dependencies = (
			);
			name = MyInfo;
			productName = MyInfo;
			productReference = A1FFEA5328918DB000099D5C /* MyInfo.app */;
			productType = "com.apple.product-type.application";
		};
		A1FFEA6228918DB100099D5C /* MyInfoTests */ = {
			isa = PBXNativeTarget;
			buildConfigurationList = A1FFEA7A28918DB100099D5C /* Build configuration list for PBXNativeTarget "MyInfoTests" */;
			buildPhases = (
				A1FFEA5F28918DB100099D5C /* Sources */,
				A1FFEA6028918DB100099D5C /* Frameworks */,
				A1FFEA6128918DB100099D5C /* Resources */,
			);
			buildRules = (
			);
			dependencies = (
				A1FFEA6528918DB100099D5C /* PBXTargetDependency */,
			);
			name = MyInfoTests;
			productName = MyInfoTests;
			productReference = A1FFEA6328918DB100099D5C /* MyInfoTests.xctest */;
			productType = "com.apple.product-type.bundle.unit-test";
		};
		A1FFEA6C28918DB100099D5C /* MyInfoUITests */ = {
			isa = PBXNativeTarget;
			buildConfigurationList = A1FFEA7D28918DB100099D5C /* Build configuration list for PBXNativeTarget "MyInfoUITests" */;
			buildPhases = (
				A1FFEA6928918DB100099D5C /* Sources */,
				A1FFEA6A28918DB100099D5C /* Frameworks */,
				A1FFEA6B28918DB100099D5C /* Resources */,
			);
			buildRules = (
			);
			dependencies = (
				A1FFEA6F28918DB100099D5C /* PBXTargetDependency */,
			);
			name = MyInfoUITests;
			productName = MyInfoUITests;
			productReference = A1FFEA6D28918DB100099D5C /* MyInfoUITests.xctest */;
			productType = "com.apple.product-type.bundle.ui-testing";
		};
/* End PBXNativeTarget section */

/* Begin PBXProject section */
		A1FFEA4B28918DB000099D5C /* Project object */ = {
			isa = PBXProject;
			attributes = {
				BuildIndependentTargetsInParallel = 1;
				LastSwiftUpdateCheck = 1340;
				LastUpgradeCheck = 1340;
				TargetAttributes = {
					A1FFEA5228918DB000099D5C = {
						CreatedOnToolsVersion = 13.4.1;
					};
					A1FFEA6228918DB100099D5C = {
						CreatedOnToolsVersion = 13.4.1;
						TestTargetID = A1FFEA5228918DB000099D5C;
					};
					A1FFEA6C28918DB100099D5C = {
						CreatedOnToolsVersion = 13.4.1;
						TestTargetID = A1FFEA5228918DB000099D5C;
					};
				};
			};
			buildConfigurationList = A1FFEA4E28918DB000099D5C /* Build configuration list for PBXProject "MyInfo" */;
			compatibilityVersion = "Xcode 13.0";
			developmentRegion = en;
			hasScannedForEncodings = 0;
			knownRegions = (
				en,
				Base,
			);
			mainGroup = A1FFEA4A28918DB000099D5C;
			productRefGroup = A1FFEA5428918DB000099D5C /* Products */;
			projectDirPath = "";
			projectRoot = "";
			targets = (
				A1FFEA5228918DB000099D5C /* MyInfo */,
				A1FFEA6228918DB100099D5C /* MyInfoTests */,
				A1FFEA6C28918DB100099D5C /* MyInfoUITests */,
			);
		};
/* End PBXProject section */

/* Begin PBXResourcesBuildPhase section */
		A1FFEA5128918DB000099D5C /* Resources */ = {
			isa = PBXResourcesBuildPhase;
			buildActionMask = 2147483647;
			files = (
				A1FFEA5E28918DB100099D5C /* Preview Assets.xcassets in Resources */,
				A1FFEA5B28918DB100099D5C /* Assets.xcassets in Resources */,
			);
			runOnlyForDeploymentPostprocessing = 0;
		};
		A1FFEA6128918DB100099D5C /* Resources */ = {
			isa = PBXResourcesBuildPhase;
			buildActionMask = 2147483647;
			files = (
			);
			runOnlyForDeploymentPostprocessing = 0;
		};
		A1FFEA6B28918DB100099D5C /* Resources */ = {
			isa = PBXResourcesBuildPhase;
			buildActionMask = 2147483647;
			files = (
			);
			runOnlyForDeploymentPostprocessing = 0;
		};
/* End PBXResourcesBuildPhase section */

/* Begin PBXSourcesBuildPhase section */
		A1FFEA4F28918DB000099D5C /* Sources */ = {
			isa = PBXSourcesBuildPhase;
			buildActionMask = 2147483647;
			files = (
				A1FFEA84289198D700099D5C /* GetInfoView.swift in Sources */,
				A1FFEA5928918DB000099D5C /* HomeView.swift in Sources */,
				A1FFEA5728918DB000099D5C /* MyInfoApp.swift in Sources */,
				A1FFEA86289199F800099D5C /* OutputInfoView.swift in Sources */,
			);
			runOnlyForDeploymentPostprocessing = 0;
		};
		A1FFEA5F28918DB100099D5C /* Sources */ = {
			isa = PBXSourcesBuildPhase;
			buildActionMask = 2147483647;
			files = (
				A1FFEA6828918DB100099D5C /* MyInfoTests.swift in Sources */,
			);
			runOnlyForDeploymentPostprocessing = 0;
		};
		A1FFEA6928918DB100099D5C /* Sources */ = {
			isa = PBXSourcesBuildPhase;
			buildActionMask = 2147483647;
			files = (
				A1FFEA7428918DB100099D5C /* MyInfoUITestsLaunchTests.swift in Sources */,
				A1FFEA7228918DB100099D5C /* MyInfoUITests.swift in Sources */,
			);
			runOnlyForDeploymentPostprocessing = 0;
		};
/* End PBXSourcesBuildPhase section */

/* Begin PBXTargetDependency section */
		A1FFEA6528918DB100099D5C /* PBXTargetDependency */ = {
			isa = PBXTargetDependency;
			target = A1FFEA5228918DB000099D5C /* MyInfo */;
			targetProxy = A1FFEA6428918DB100099D5C /* PBXContainerItemProxy */;
		};
		A1FFEA6F28918DB100099D5C /* PBXTargetDependency */ = {
			isa = PBXTargetDependency;
			target = A1FFEA5228918DB000099D5C /* MyInfo */;
			targetProxy = A1FFEA6E28918DB100099D5C /* PBXContainerItemProxy */;
		};
/* End PBXTargetDependency section */

/* Begin XCBuildConfiguration section */
		A1FFEA7528918DB100099D5C /* Debug */ = {
			isa = XCBuildConfiguration;
			buildSettings = {
				ALWAYS_SEARCH_USER_PATHS = NO;
				CLANG_ANALYZER_NONNULL = YES;
				CLANG_ANALYZER_NUMBER_OBJECT_CONVERSION = YES_AGGRESSIVE;
				CLANG_CXX_LANGUAGE_STANDARD = "gnu++17";
				CLANG_ENABLE_MODULES = YES;
				CLANG_ENABLE_OBJC_ARC = YES;
				CLANG_ENABLE_OBJC_WEAK = YES;
				CLANG_WARN_BLOCK_CAPTURE_AUTORELEASING = YES;
				CLANG_WARN_BOOL_CONVERSION = YES;
				CLANG_WARN_COMMA = YES;
				CLANG_WARN_CONSTANT_CONVERSION = YES;
				CLANG_WARN_DEPRECATED_OBJC_IMPLEMENTATIONS = YES;
				CLANG_WARN_DIRECT_OBJC_ISA_USAGE = YES_ERROR;
				CLANG_WARN_DOCUMENTATION_COMMENTS = YES;
				CLANG_WARN_EMPTY_BODY = YES;
				CLANG_WARN_ENUM_CONVERSION = YES;
				CLANG_WARN_INFINITE_RECURSION = YES;
				CLANG_WARN_INT_CONVERSION = YES;
				CLANG_WARN_NON_LITERAL_NULL_CONVERSION = YES;
				CLANG_WARN_OBJC_IMPLICIT_RETAIN_SELF = YES;
				CLANG_WARN_OBJC_LITERAL_CONVERSION = YES;
				CLANG_WARN_OBJC_ROOT_CLASS = YES_ERROR;
				CLANG_WARN_QUOTED_INCLUDE_IN_FRAMEWORK_HEADER = YES;
				CLANG_WARN_RANGE_LOOP_ANALYSIS = YES;
				CLANG_WARN_STRICT_PROTOTYPES = YES;
				CLANG_WARN_SUSPICIOUS_MOVE = YES;
				CLANG_WARN_UNGUARDED_AVAILABILITY = YES_AGGRESSIVE;
				CLANG_WARN_UNREACHABLE_CODE = YES;
				CLANG_WARN__DUPLICATE_METHOD_MATCH = YES;
				COPY_PHASE_STRIP = NO;
				DEBUG_INFORMATION_FORMAT = dwarf;
				ENABLE_STRICT_OBJC_MSGSEND = YES;
				ENABLE_TESTABILITY = YES;
				GCC_C_LANGUAGE_STANDARD = gnu11;
				GCC_DYNAMIC_NO_PIC = NO;
				GCC_NO_COMMON_BLOCKS = YES;
				GCC_OPTIMIZATION_LEVEL = 0;
				GCC_PREPROCESSOR_DEFINITIONS = (
					"DEBUG=1",
					"$(inherited)",
				);
				GCC_WARN_64_TO_32_BIT_CONVERSION = YES;
				GCC_WARN_ABOUT_RETURN_TYPE = YES_ERROR;
				GCC_WARN_UNDECLARED_SELECTOR = YES;
				GCC_WARN_UNINITIALIZED_AUTOS = YES_AGGRESSIVE;
				GCC_WARN_UNUSED_FUNCTION = YES;
				GCC_WARN_UNUSED_VARIABLE = YES;
				IPHONEOS_DEPLOYMENT_TARGET = 15.5;
				MTL_ENABLE_DEBUG_INFO = INCLUDE_SOURCE;
				MTL_FAST_MATH = YES;
				ONLY_ACTIVE_ARCH = YES;
				SDKROOT = iphoneos;
				SWIFT_ACTIVE_COMPILATION_CONDITIONS = DEBUG;
				SWIFT_OPTIMIZATION_LEVEL = "-Onone";
			};
			name = Debug;
		};
		A1FFEA7628918DB100099D5C /* Release */ = {
			isa = XCBuildConfiguration;
			buildSettings = {
				ALWAYS_SEARCH_USER_PATHS = NO;
				CLANG_ANALYZER_NONNULL = YES;
				CLANG_ANALYZER_NUMBER_OBJECT_CONVERSION = YES_AGGRESSIVE;
				CLANG_CXX_LANGUAGE_STANDARD = "gnu++17";
				CLANG_ENABLE_MODULES = YES;
				CLANG_ENABLE_OBJC_ARC = YES;
				CLANG_ENABLE_OBJC_WEAK = YES;
				CLANG_WARN_BLOCK_CAPTURE_AUTORELEASING = YES;
				CLANG_WARN_BOOL_CONVERSION = YES;
				CLANG_WARN_COMMA = YES;
				CLANG_WARN_CONSTANT_CONVERSION = YES;
				CLANG_WARN_DEPRECATED_OBJC_IMPLEMENTATIONS = YES;
				CLANG_WARN_DIRECT_OBJC_ISA_USAGE = YES_ERROR;
				CLANG_WARN_DOCUMENTATION_COMMENTS = YES;
				CLANG_WARN_EMPTY_BODY = YES;
				CLANG_WARN_ENUM_CONVERSION = YES;
				CLANG_WARN_INFINITE_RECURSION = YES;
				CLANG_WARN_INT_CONVERSION = YES;
				CLANG_WARN_NON_LITERAL_NULL_CONVERSION = YES;
				CLANG_WARN_OBJC_IMPLICIT_RETAIN_SELF = YES;
				CLANG_WARN_OBJC_LITERAL_CONVERSION = YES;
				CLANG_WARN_OBJC_ROOT_CLASS = YES_ERROR;
				CLANG_WARN_QUOTED_INCLUDE_IN_FRAMEWORK_HEADER = YES;
				CLANG_WARN_RANGE_LOOP_ANALYSIS = YES;
				CLANG_WARN_STRICT_PROTOTYPES = YES;
				CLANG_WARN_SUSPICIOUS_MOVE = YES;
				CLANG_WARN_UNGUARDED_AVAILABILITY = YES_AGGRESSIVE;
				CLANG_WARN_UNREACHABLE_CODE = YES;
				CLANG_WARN__DUPLICATE_METHOD_MATCH = YES;
				COPY_PHASE_STRIP = NO;
				DEBUG_INFORMATION_FORMAT = "dwarf-with-dsym";
				ENABLE_NS_ASSERTIONS = NO;
				ENABLE_STRICT_OBJC_MSGSEND = YES;
				GCC_C_LANGUAGE_STANDARD = gnu11;
				GCC_NO_COMMON_BLOCKS = YES;
				GCC_WARN_64_TO_32_BIT_CONVERSION = YES;
				GCC_WARN_ABOUT_RETURN_TYPE = YES_ERROR;
				GCC_WARN_UNDECLARED_SELECTOR = YES;
				GCC_WARN_UNINITIALIZED_AUTOS = YES_AGGRESSIVE;
				GCC_WARN_UNUSED_FUNCTION = YES;
				GCC_WARN_UNUSED_VARIABLE = YES;
				IPHONEOS_DEPLOYMENT_TARGET = 15.5;
				MTL_ENABLE_DEBUG_INFO = NO;
				MTL_FAST_MATH = YES;
				SDKROOT = iphoneos;
				SWIFT_COMPILATION_MODE = wholemodule;
				SWIFT_OPTIMIZATION_LEVEL = "-O";
				VALIDATE_PRODUCT = YES;
			};
			name = Release;
		};
		A1FFEA7828918DB100099D5C /* Debug */ = {
			isa = XCBuildConfiguration;
			buildSettings = {
				ASSETCATALOG_COMPILER_APPICON_NAME = AppIcon;
				ASSETCATALOG_COMPILER_GLOBAL_ACCENT_COLOR_NAME = AccentColor;
				CODE_SIGN_STYLE = Automatic;
				CURRENT_PROJECT_VERSION = 1;
				DEVELOPMENT_ASSET_PATHS = "\"MyInfo/Preview Content\"";
				DEVELOPMENT_TEAM = VBHJCPK49S;
				ENABLE_PREVIEWS = YES;
				GENERATE_INFOPLIST_FILE = YES;
				INFOPLIST_KEY_UIApplicationSceneManifest_Generation = YES;
				INFOPLIST_KEY_UIApplicationSupportsIndirectInputEvents = YES;
				INFOPLIST_KEY_UILaunchScreen_Generation = YES;
				INFOPLIST_KEY_UISupportedInterfaceOrientations_iPad = "UIInterfaceOrientationPortrait UIInterfaceOrientationPortraitUpsideDown UIInterfaceOrientationLandscapeLeft UIInterfaceOrientationLandscapeRight";
				INFOPLIST_KEY_UISupportedInterfaceOrientations_iPhone = "UIInterfaceOrientationPortrait UIInterfaceOrientationLandscapeLeft UIInterfaceOrientationLandscapeRight";
				LD_RUNPATH_SEARCH_PATHS = (
					"$(inherited)",
					"@executable_path/Frameworks",
				);
				MARKETING_VERSION = 1.0;
				PRODUCT_BUNDLE_IDENTIFIER = kyujin.MyInfo;
				PRODUCT_NAME = "$(TARGET_NAME)";
				SWIFT_EMIT_LOC_STRINGS = YES;
				SWIFT_VERSION = 5.0;
				TARGETED_DEVICE_FAMILY = "1,2";
			};
			name = Debug;
		};
		A1FFEA7928918DB100099D5C /* Release */ = {
			isa = XCBuildConfiguration;
			buildSettings = {
				ASSETCATALOG_COMPILER_APPICON_NAME = AppIcon;
				ASSETCATALOG_COMPILER_GLOBAL_ACCENT_COLOR_NAME = AccentColor;
				CODE_SIGN_STYLE = Automatic;
				CURRENT_PROJECT_VERSION = 1;
				DEVELOPMENT_ASSET_PATHS = "\"MyInfo/Preview Content\"";
				DEVELOPMENT_TEAM = VBHJCPK49S;
				ENABLE_PREVIEWS = YES;
				GENERATE_INFOPLIST_FILE = YES;
				INFOPLIST_KEY_UIApplicationSceneManifest_Generation = YES;
				INFOPLIST_KEY_UIApplicationSupportsIndirectInputEvents = YES;
				INFOPLIST_KEY_UILaunchScreen_Generation = YES;
				INFOPLIST_KEY_UISupportedInterfaceOrientations_iPad = "UIInterfaceOrientationPortrait UIInterfaceOrientationPortraitUpsideDown UIInterfaceOrientationLandscapeLeft UIInterfaceOrientationLandscapeRight";
				INFOPLIST_KEY_UISupportedInterfaceOrientations_iPhone = "UIInterfaceOrientationPortrait UIInterfaceOrientationLandscapeLeft UIInterfaceOrientationLandscapeRight";
				LD_RUNPATH_SEARCH_PATHS = (
					"$(inherited)",
					"@executable_path/Frameworks",
				);
				MARKETING_VERSION = 1.0;
				PRODUCT_BUNDLE_IDENTIFIER = kyujin.MyInfo;
				PRODUCT_NAME = "$(TARGET_NAME)";
				SWIFT_EMIT_LOC_STRINGS = YES;
				SWIFT_VERSION = 5.0;
				TARGETED_DEVICE_FAMILY = "1,2";
			};
			name = Release;
		};
		A1FFEA7B28918DB100099D5C /* Debug */ = {
			isa = XCBuildConfiguration;
			buildSettings = {
				ALWAYS_EMBED_SWIFT_STANDARD_LIBRARIES = YES;
				BUNDLE_LOADER = "$(TEST_HOST)";
				CODE_SIGN_STYLE = Automatic;
				CURRENT_PROJECT_VERSION = 1;
				DEVELOPMENT_TEAM = VBHJCPK49S;
				GENERATE_INFOPLIST_FILE = YES;
				IPHONEOS_DEPLOYMENT_TARGET = 15.5;
				MARKETING_VERSION = 1.0;
				PRODUCT_BUNDLE_IDENTIFIER = kyujin.MyInfoTests;
				PRODUCT_NAME = "$(TARGET_NAME)";
				SWIFT_EMIT_LOC_STRINGS = NO;
				SWIFT_VERSION = 5.0;
				TARGETED_DEVICE_FAMILY = "1,2";
				TEST_HOST = "$(BUILT_PRODUCTS_DIR)/MyInfo.app/MyInfo";
			};
			name = Debug;
		};
		A1FFEA7C28918DB100099D5C /* Release */ = {
			isa = XCBuildConfiguration;
			buildSettings = {
				ALWAYS_EMBED_SWIFT_STANDARD_LIBRARIES = YES;
				BUNDLE_LOADER = "$(TEST_HOST)";
				CODE_SIGN_STYLE = Automatic;
				CURRENT_PROJECT_VERSION = 1;
				DEVELOPMENT_TEAM = VBHJCPK49S;
				GENERATE_INFOPLIST_FILE = YES;
				IPHONEOS_DEPLOYMENT_TARGET = 15.5;
				MARKETING_VERSION = 1.0;
				PRODUCT_BUNDLE_IDENTIFIER = kyujin.MyInfoTests;
				PRODUCT_NAME = "$(TARGET_NAME)";
				SWIFT_EMIT_LOC_STRINGS = NO;
				SWIFT_VERSION = 5.0;
				TARGETED_DEVICE_FAMILY = "1,2";
				TEST_HOST = "$(BUILT_PRODUCTS_DIR)/MyInfo.app/MyInfo";
			};
			name = Release;
		};
		A1FFEA7E28918DB100099D5C /* Debug */ = {
			isa = XCBuildConfiguration;
			buildSettings = {
				ALWAYS_EMBED_SWIFT_STANDARD_LIBRARIES = YES;
				CODE_SIGN_STYLE = Automatic;
				CURRENT_PROJECT_VERSION = 1;
				DEVELOPMENT_TEAM = VBHJCPK49S;
				GENERATE_INFOPLIST_FILE = YES;
				MARKETING_VERSION = 1.0;
				PRODUCT_BUNDLE_IDENTIFIER = kyujin.MyInfoUITests;
				PRODUCT_NAME = "$(TARGET_NAME)";
				SWIFT_EMIT_LOC_STRINGS = NO;
				SWIFT_VERSION = 5.0;
				TARGETED_DEVICE_FAMILY = "1,2";
				TEST_TARGET_NAME = MyInfo;
			};
			name = Debug;
		};
		A1FFEA7F28918DB100099D5C /* Release */ = {
			isa = XCBuildConfiguration;
			buildSettings = {
				ALWAYS_EMBED_SWIFT_STANDARD_LIBRARIES = YES;
				CODE_SIGN_STYLE = Automatic;
				CURRENT_PROJECT_VERSION = 1;
				DEVELOPMENT_TEAM = VBHJCPK49S;
				GENERATE_INFOPLIST_FILE = YES;
				MARKETING_VERSION = 1.0;
				PRODUCT_BUNDLE_IDENTIFIER = kyujin.MyInfoUITests;
				PRODUCT_NAME = "$(TARGET_NAME)";
				SWIFT_EMIT_LOC_STRINGS = NO;
				SWIFT_VERSION = 5.0;
				TARGETED_DEVICE_FAMILY = "1,2";
				TEST_TARGET_NAME = MyInfo;
			};
			name = Release;
		};
/* End XCBuildConfiguration section */

/* Begin XCConfigurationList section */
		A1FFEA4E28918DB000099D5C /* Build configuration list for PBXProject "MyInfo" */ = {
			isa = XCConfigurationList;
			buildConfigurations = (
				A1FFEA7528918DB100099D5C /* Debug */,
				A1FFEA7628918DB100099D5C /* Release */,
			);
			defaultConfigurationIsVisible = 0;
			defaultConfigurationName = Release;
		};
		A1FFEA7728918DB100099D5C /* Build configuration list for PBXNativeTarget "MyInfo" */ = {
			isa = XCConfigurationList;
			buildConfigurations = (
				A1FFEA7828918DB100099D5C /* Debug */,
				A1FFEA7928918DB100099D5C /* Release */,
			);
			defaultConfigurationIsVisible = 0;
			defaultConfigurationName = Release;
		};
		A1FFEA7A28918DB100099D5C /* Build configuration list for PBXNativeTarget "MyInfoTests" */ = {
			isa = XCConfigurationList;
			buildConfigurations = (
				A1FFEA7B28918DB100099D5C /* Debug */,
				A1FFEA7C28918DB100099D5C /* Release */,
			);
			defaultConfigurationIsVisible = 0;
			defaultConfigurationName = Release;
		};
		A1FFEA7D28918DB100099D5C /* Build configuration list for PBXNativeTarget "MyInfoUITests" */ = {
			isa = XCConfigurationList;
			buildConfigurations = (
				A1FFEA7E28918DB100099D5C /* Debug */,
				A1FFEA7F28918DB100099D5C /* Release */,
			);
			defaultConfigurationIsVisible = 0;
			defaultConfigurationName = Release;
		};
/* End XCConfigurationList section */
	};
	rootObject = A1FFEA4B28918DB000099D5C /* Project object */;
}
